// !$*UTF8*$!
{
	archiveVersion = 1;
	classes = {
	};
	objectVersion = 46;
	objects = {

/* Begin PBXBuildFile section */
		239491FE0DE2EC08498AD64C /* libPods-LiuHe.a in Frameworks */ = {isa = PBXBuildFile; fileRef = 6889F03AADAB6FAF8C717B85 /* libPods-LiuHe.a */; };
		482655CD1DF4241500122766 /* ForumCell.m in Sources */ = {isa = PBXBuildFile; fileRef = 482655CC1DF4241500122766 /* ForumCell.m */; };
		482655D11DF4272B00122766 /* ForumModel.m in Sources */ = {isa = PBXBuildFile; fileRef = 482655D01DF4272B00122766 /* ForumModel.m */; };
		482655D41DF4751B00122766 /* ForumDetailViewController.m in Sources */ = {isa = PBXBuildFile; fileRef = 482655D31DF4751B00122766 /* ForumDetailViewController.m */; };
		483010401DED1B4800B11BE9 /* CollectionWebViewController.m in Sources */ = {isa = PBXBuildFile; fileRef = 4830103F1DED1B4800B11BE9 /* CollectionWebViewController.m */; };
		483010441DED27DC00B11BE9 /* MyReplyViewController.m in Sources */ = {isa = PBXBuildFile; fileRef = 483010431DED27DC00B11BE9 /* MyReplyViewController.m */; };
		483010471DED2C0000B11BE9 /* ReplyModel.m in Sources */ = {isa = PBXBuildFile; fileRef = 483010461DED2C0000B11BE9 /* ReplyModel.m */; };
		4830104E1DED804D00B11BE9 /* AdvertModel.m in Sources */ = {isa = PBXBuildFile; fileRef = 4830104D1DED804D00B11BE9 /* AdvertModel.m */; };
		483010511DED8F2F00B11BE9 /* VideoLotteryViewController.m in Sources */ = {isa = PBXBuildFile; fileRef = 483010501DED8F2F00B11BE9 /* VideoLotteryViewController.m */; };
		483010541DEDA6B000B11BE9 /* LotteryView.m in Sources */ = {isa = PBXBuildFile; fileRef = 483010531DEDA6B000B11BE9 /* LotteryView.m */; };
		483010571DEDB85600B11BE9 /* CountDowner.m in Sources */ = {isa = PBXBuildFile; fileRef = 483010561DEDB85600B11BE9 /* CountDowner.m */; };
		483AC58B1DE525AF009E0E64 /* main.m in Sources */ = {isa = PBXBuildFile; fileRef = 483AC58A1DE525AF009E0E64 /* main.m */; };
		483AC58E1DE525AF009E0E64 /* AppDelegate.m in Sources */ = {isa = PBXBuildFile; fileRef = 483AC58D1DE525AF009E0E64 /* AppDelegate.m */; };
		483AC5961DE525AF009E0E64 /* Assets.xcassets in Resources */ = {isa = PBXBuildFile; fileRef = 483AC5951DE525AF009E0E64 /* Assets.xcassets */; };
		483AC5A41DE525AF009E0E64 /* LiuHeTests.m in Sources */ = {isa = PBXBuildFile; fileRef = 483AC5A31DE525AF009E0E64 /* LiuHeTests.m */; };
		483AC5AF1DE525AF009E0E64 /* LiuHeUITests.m in Sources */ = {isa = PBXBuildFile; fileRef = 483AC5AE1DE525AF009E0E64 /* LiuHeUITests.m */; };
		483AC5E51DE526CB009E0E64 /* BaseNavigationController.m in Sources */ = {isa = PBXBuildFile; fileRef = 483AC5D71DE526CA009E0E64 /* BaseNavigationController.m */; };
		483AC5E61DE526CB009E0E64 /* BaseTabBarController.m in Sources */ = {isa = PBXBuildFile; fileRef = 483AC5D91DE526CA009E0E64 /* BaseTabBarController.m */; };
		483AC5E71DE526CB009E0E64 /* BaseViewController.m in Sources */ = {isa = PBXBuildFile; fileRef = 483AC5DB1DE526CA009E0E64 /* BaseViewController.m */; };
		483AC5E81DE526CB009E0E64 /* XQBarButtonItem.m in Sources */ = {isa = PBXBuildFile; fileRef = 483AC5DE1DE526CA009E0E64 /* XQBarButtonItem.m */; };
		483AC5E91DE526CB009E0E64 /* XQNavigationBar.m in Sources */ = {isa = PBXBuildFile; fileRef = 483AC5E01DE526CA009E0E64 /* XQNavigationBar.m */; };
		483AC5EA1DE526CB009E0E64 /* XQCycleImageView.m in Sources */ = {isa = PBXBuildFile; fileRef = 483AC5E41DE526CB009E0E64 /* XQCycleImageView.m */; };
		483AC5FD1DE52749009E0E64 /* ForumViewController.m in Sources */ = {isa = PBXBuildFile; fileRef = 483AC5EE1DE52749009E0E64 /* ForumViewController.m */; };
		483AC5FE1DE52749009E0E64 /* UserViewController.m in Sources */ = {isa = PBXBuildFile; fileRef = 483AC5F81DE52749009E0E64 /* UserViewController.m */; };
		483AC5FF1DE52749009E0E64 /* MineHeadView.m in Sources */ = {isa = PBXBuildFile; fileRef = 483AC5FC1DE52749009E0E64 /* MineHeadView.m */; };
		483AC6021DE5276A009E0E64 /* HomeViewController.m in Sources */ = {isa = PBXBuildFile; fileRef = 483AC6011DE5276A009E0E64 /* HomeViewController.m */; };
		483AC6051DE52830009E0E64 /* MenuItem.m in Sources */ = {isa = PBXBuildFile; fileRef = 483AC6041DE52830009E0E64 /* MenuItem.m */; };
		483AC60C1DE533F8009E0E64 /* XQFasciatePageControl.m in Sources */ = {isa = PBXBuildFile; fileRef = 483AC60B1DE533F8009E0E64 /* XQFasciatePageControl.m */; };
		483AC6111DE54080009E0E64 /* NetworkManager.m in Sources */ = {isa = PBXBuildFile; fileRef = 483AC6101DE54080009E0E64 /* NetworkManager.m */; };
		483AC6171DE541F3009E0E64 /* NSString+Extension.m in Sources */ = {isa = PBXBuildFile; fileRef = 483AC6161DE541F3009E0E64 /* NSString+Extension.m */; };
		483AC6211DE5B1BA009E0E64 /* XQTextField.m in Sources */ = {isa = PBXBuildFile; fileRef = 483AC6201DE5B1BA009E0E64 /* XQTextField.m */; };
		483AC6291DE5C240009E0E64 /* UIImage+Extension.m in Sources */ = {isa = PBXBuildFile; fileRef = 483AC6281DE5C240009E0E64 /* UIImage+Extension.m */; };
		484258771DF254E800B1E8E0 /* PicDetailViewController.m in Sources */ = {isa = PBXBuildFile; fileRef = 484258761DF254E800B1E8E0 /* PicDetailViewController.m */; };
		488F1A151DE6CB4B005C6882 /* UserModel.m in Sources */ = {isa = PBXBuildFile; fileRef = 488F1A141DE6CB4B005C6882 /* UserModel.m */; };
		488FFF321DE863C50061E9EF /* LoginViewController.m in Sources */ = {isa = PBXBuildFile; fileRef = 488FFF2F1DE863C50061E9EF /* LoginViewController.m */; };
		488FFF331DE863C50061E9EF /* RegisteViewController.m in Sources */ = {isa = PBXBuildFile; fileRef = 488FFF311DE863C50061E9EF /* RegisteViewController.m */; };
		488FFF361DE8645A0061E9EF /* ModifyPswViewController.m in Sources */ = {isa = PBXBuildFile; fileRef = 488FFF351DE8645A0061E9EF /* ModifyPswViewController.m */; };
		4897355A1DEEABAE006ADA94 /* LotteryNumberModel.m in Sources */ = {isa = PBXBuildFile; fileRef = 489735591DEEABAE006ADA94 /* LotteryNumberModel.m */; };
		4897355E1DEEEBAD006ADA94 /* HistoryViewController.m in Sources */ = {isa = PBXBuildFile; fileRef = 4897355D1DEEEBAD006ADA94 /* HistoryViewController.m */; };
		489735641DEF021A006ADA94 /* HistoryDetailViewController.m in Sources */ = {isa = PBXBuildFile; fileRef = 489735631DEF021A006ADA94 /* HistoryDetailViewController.m */; };
		489932A41DF105220041A016 /* DataTableView.m in Sources */ = {isa = PBXBuildFile; fileRef = 489932A31DF105220041A016 /* DataTableView.m */; };
		489932A71DF146DC0041A016 /* TreasureViewController.m in Sources */ = {isa = PBXBuildFile; fileRef = 489932A61DF146DC0041A016 /* TreasureViewController.m */; };
		489932AB1DF151500041A016 /* PicLibraryViewController.m in Sources */ = {isa = PBXBuildFile; fileRef = 489932AA1DF151500041A016 /* PicLibraryViewController.m */; };
		489932BB1DF156250041A016 /* DataCell.m in Sources */ = {isa = PBXBuildFile; fileRef = 489932B81DF156250041A016 /* DataCell.m */; };
		489932BC1DF156250041A016 /* HistoryCell.m in Sources */ = {isa = PBXBuildFile; fileRef = 489932BA1DF156250041A016 /* HistoryCell.m */; };
		489932BF1DF157130041A016 /* ColumnView.m in Sources */ = {isa = PBXBuildFile; fileRef = 489932BE1DF157130041A016 /* ColumnView.m */; };
		489932C21DF188190041A016 /* PicLibraryModel.m in Sources */ = {isa = PBXBuildFile; fileRef = 489932C11DF188190041A016 /* PicLibraryModel.m */; };
		489932C51DF18BA50041A016 /* PicLibraryTableView.m in Sources */ = {isa = PBXBuildFile; fileRef = 489932C41DF18BA50041A016 /* PicLibraryTableView.m */; };
		489932C81DF1940A0041A016 /* PicLibraryCell.m in Sources */ = {isa = PBXBuildFile; fileRef = 489932C71DF1940A0041A016 /* PicLibraryCell.m */; };
		48BE5AA51DEFC412004ACB90 /* WebViewController.m in Sources */ = {isa = PBXBuildFile; fileRef = 48BE5AA41DEFC412004ACB90 /* WebViewController.m */; };
		48BE5AA91DEFCACB004ACB90 /* DataViewController.m in Sources */ = {isa = PBXBuildFile; fileRef = 48BE5AA81DEFCACB004ACB90 /* DataViewController.m */; };
		48BE5AB91DF01550004ACB90 /* XQSpringMenu.m in Sources */ = {isa = PBXBuildFile; fileRef = 48BE5AB61DF01550004ACB90 /* XQSpringMenu.m */; };
		48BE5ABA1DF01550004ACB90 /* XQSpringMenuItem.m in Sources */ = {isa = PBXBuildFile; fileRef = 48BE5AB81DF01550004ACB90 /* XQSpringMenuItem.m */; };
		48BE5ABD1DF01F7E004ACB90 /* DataModel.m in Sources */ = {isa = PBXBuildFile; fileRef = 48BE5ABC1DF01F7E004ACB90 /* DataModel.m */; };
		48BE5AC31DF050DE004ACB90 /* DataDetailViewController.m in Sources */ = {isa = PBXBuildFile; fileRef = 48BE5AC21DF050DE004ACB90 /* DataDetailViewController.m */; };
		48D83C971DEBC02400E62100 /* XQToast.m in Sources */ = {isa = PBXBuildFile; fileRef = 48D83C961DEBC02400E62100 /* XQToast.m */; };
		48D83C9B1DEBD12000E62100 /* SystemManager.m in Sources */ = {isa = PBXBuildFile; fileRef = 48D83C9A1DEBD12000E62100 /* SystemManager.m */; };
		48D83C9E1DEBDB3E00E62100 /* PostReleaseViewController.m in Sources */ = {isa = PBXBuildFile; fileRef = 48D83C9D1DEBDB3E00E62100 /* PostReleaseViewController.m */; };
		48D83CA11DEC0D9500E62100 /* MyPostViewController.m in Sources */ = {isa = PBXBuildFile; fileRef = 48D83CA01DEC0D9500E62100 /* MyPostViewController.m */; };
		48D83CA51DEC0EA200E62100 /* XQSegmentedControl.m in Sources */ = {isa = PBXBuildFile; fileRef = 48D83CA41DEC0EA200E62100 /* XQSegmentedControl.m */; };
		48D83CA81DEC460300E62100 /* PostModel.m in Sources */ = {isa = PBXBuildFile; fileRef = 48D83CA71DEC460300E62100 /* PostModel.m */; };
		48D83CB01DEC634D00E62100 /* MyCollectionViewController.m in Sources */ = {isa = PBXBuildFile; fileRef = 48D83CAF1DEC634D00E62100 /* MyCollectionViewController.m */; };
		48D83CB31DEC64A000E62100 /* CollectionModel.m in Sources */ = {isa = PBXBuildFile; fileRef = 48D83CB21DEC64A000E62100 /* CollectionModel.m */; };
		48D83CB71DEC6A3800E62100 /* XQAlertView.m in Sources */ = {isa = PBXBuildFile; fileRef = 48D83CB61DEC6A3800E62100 /* XQAlertView.m */; };
		48DBCB3C1DE9C7C100B989D6 /* FeedBackViewController.m in Sources */ = {isa = PBXBuildFile; fileRef = 48DBCB3B1DE9C7C100B989D6 /* FeedBackViewController.m */; };
		48DBCB401DE9C8E500B989D6 /* XQTextView.m in Sources */ = {isa = PBXBuildFile; fileRef = 48DBCB3F1DE9C8E500B989D6 /* XQTextView.m */; };
		48DBCB431DE9D99300B989D6 /* AboutUsViewController.m in Sources */ = {isa = PBXBuildFile; fileRef = 48DBCB421DE9D99300B989D6 /* AboutUsViewController.m */; };
		48DBCB461DE9DB3800B989D6 /* DisclaimerViewController.m in Sources */ = {isa = PBXBuildFile; fileRef = 48DBCB451DE9DB3800B989D6 /* DisclaimerViewController.m */; };
		48DFD2EA1DF4FD64006AF778 /* ForumReplyModel.m in Sources */ = {isa = PBXBuildFile; fileRef = 48DFD2E91DF4FD64006AF778 /* ForumReplyModel.m */; };
		48DFD2ED1DF501FB006AF778 /* ForumDetailHeader.m in Sources */ = {isa = PBXBuildFile; fileRef = 48DFD2EC1DF501FB006AF778 /* ForumDetailHeader.m */; };
		48DFD2F31DF51A6B006AF778 /* ForumCommentCell.m in Sources */ = {isa = PBXBuildFile; fileRef = 48DFD2F21DF51A6B006AF778 /* ForumCommentCell.m */; };
		48DFD2F61DF53E9E006AF778 /* ForumCommentViewController.m in Sources */ = {isa = PBXBuildFile; fileRef = 48DFD2F51DF53E9E006AF778 /* ForumCommentViewController.m */; };
		48DFD2FA1DF56FE3006AF778 /* ShareManager.m in Sources */ = {isa = PBXBuildFile; fileRef = 48DFD2F91DF56FE3006AF778 /* ShareManager.m */; };
		48E271D31DE708A200CA3F4D /* MyDataViewController.m in Sources */ = {isa = PBXBuildFile; fileRef = 48E271D21DE708A200CA3F4D /* MyDataViewController.m */; };
		48E271D71DE708FC00CA3F4D /* XQActionSheet.m in Sources */ = {isa = PBXBuildFile; fileRef = 48E271D61DE708FC00CA3F4D /* XQActionSheet.m */; settings = {COMPILER_FLAGS = "-fno-objc-arc"; }; };
		48E271DB1DE7253200CA3F4D /* SettingViewController.m in Sources */ = {isa = PBXBuildFile; fileRef = 48E271DA1DE7253200CA3F4D /* SettingViewController.m */; };
/* End PBXBuildFile section */

/* Begin PBXContainerItemProxy section */
		483AC5A01DE525AF009E0E64 /* PBXContainerItemProxy */ = {
			isa = PBXContainerItemProxy;
			containerPortal = 483AC57E1DE525AF009E0E64 /* Project object */;
			proxyType = 1;
			remoteGlobalIDString = 483AC5851DE525AF009E0E64;
			remoteInfo = LiuHe;
		};
		483AC5AB1DE525AF009E0E64 /* PBXContainerItemProxy */ = {
			isa = PBXContainerItemProxy;
			containerPortal = 483AC57E1DE525AF009E0E64 /* Project object */;
			proxyType = 1;
			remoteGlobalIDString = 483AC5851DE525AF009E0E64;
			remoteInfo = LiuHe;
		};
/* End PBXContainerItemProxy section */

/* Begin PBXFileReference section */
		034C0C8F0BA74B5B525B0336 /* Pods-LiuHe.release.xcconfig */ = {isa = PBXFileReference; includeInIndex = 1; lastKnownFileType = text.xcconfig; name = "Pods-LiuHe.release.xcconfig"; path = "Pods/Target Support Files/Pods-LiuHe/Pods-LiuHe.release.xcconfig"; sourceTree = "<group>"; };
		482655CB1DF4241500122766 /* ForumCell.h */ = {isa = PBXFileReference; fileEncoding = 4; lastKnownFileType = sourcecode.c.h; path = ForumCell.h; sourceTree = "<group>"; };
		482655CC1DF4241500122766 /* ForumCell.m */ = {isa = PBXFileReference; fileEncoding = 4; lastKnownFileType = sourcecode.c.objc; path = ForumCell.m; sourceTree = "<group>"; };
		482655CF1DF4272B00122766 /* ForumModel.h */ = {isa = PBXFileReference; fileEncoding = 4; lastKnownFileType = sourcecode.c.h; path = ForumModel.h; sourceTree = "<group>"; };
		482655D01DF4272B00122766 /* ForumModel.m */ = {isa = PBXFileReference; fileEncoding = 4; lastKnownFileType = sourcecode.c.objc; path = ForumModel.m; sourceTree = "<group>"; };
		482655D21DF4751B00122766 /* ForumDetailViewController.h */ = {isa = PBXFileReference; fileEncoding = 4; lastKnownFileType = sourcecode.c.h; path = ForumDetailViewController.h; sourceTree = "<group>"; };
		482655D31DF4751B00122766 /* ForumDetailViewController.m */ = {isa = PBXFileReference; fileEncoding = 4; lastKnownFileType = sourcecode.c.objc; path = ForumDetailViewController.m; sourceTree = "<group>"; };
		4830103E1DED1B4800B11BE9 /* CollectionWebViewController.h */ = {isa = PBXFileReference; fileEncoding = 4; lastKnownFileType = sourcecode.c.h; path = CollectionWebViewController.h; sourceTree = "<group>"; };
		4830103F1DED1B4800B11BE9 /* CollectionWebViewController.m */ = {isa = PBXFileReference; fileEncoding = 4; lastKnownFileType = sourcecode.c.objc; path = CollectionWebViewController.m; sourceTree = "<group>"; };
		483010421DED27DC00B11BE9 /* MyReplyViewController.h */ = {isa = PBXFileReference; fileEncoding = 4; lastKnownFileType = sourcecode.c.h; path = MyReplyViewController.h; sourceTree = "<group>"; };
		483010431DED27DC00B11BE9 /* MyReplyViewController.m */ = {isa = PBXFileReference; fileEncoding = 4; lastKnownFileType = sourcecode.c.objc; path = MyReplyViewController.m; sourceTree = "<group>"; };
		483010451DED2C0000B11BE9 /* ReplyModel.h */ = {isa = PBXFileReference; fileEncoding = 4; lastKnownFileType = sourcecode.c.h; path = ReplyModel.h; sourceTree = "<group>"; };
		483010461DED2C0000B11BE9 /* ReplyModel.m */ = {isa = PBXFileReference; fileEncoding = 4; lastKnownFileType = sourcecode.c.objc; path = ReplyModel.m; sourceTree = "<group>"; };
		4830104C1DED804D00B11BE9 /* AdvertModel.h */ = {isa = PBXFileReference; fileEncoding = 4; lastKnownFileType = sourcecode.c.h; path = AdvertModel.h; sourceTree = "<group>"; };
		4830104D1DED804D00B11BE9 /* AdvertModel.m */ = {isa = PBXFileReference; fileEncoding = 4; lastKnownFileType = sourcecode.c.objc; path = AdvertModel.m; sourceTree = "<group>"; };
		4830104F1DED8F2F00B11BE9 /* VideoLotteryViewController.h */ = {isa = PBXFileReference; fileEncoding = 4; lastKnownFileType = sourcecode.c.h; path = VideoLotteryViewController.h; sourceTree = "<group>"; };
		483010501DED8F2F00B11BE9 /* VideoLotteryViewController.m */ = {isa = PBXFileReference; fileEncoding = 4; lastKnownFileType = sourcecode.c.objc; path = VideoLotteryViewController.m; sourceTree = "<group>"; };
		483010521DEDA6B000B11BE9 /* LotteryView.h */ = {isa = PBXFileReference; fileEncoding = 4; lastKnownFileType = sourcecode.c.h; path = LotteryView.h; sourceTree = "<group>"; };
		483010531DEDA6B000B11BE9 /* LotteryView.m */ = {isa = PBXFileReference; fileEncoding = 4; lastKnownFileType = sourcecode.c.objc; path = LotteryView.m; sourceTree = "<group>"; };
		483010551DEDB85600B11BE9 /* CountDowner.h */ = {isa = PBXFileReference; fileEncoding = 4; lastKnownFileType = sourcecode.c.h; path = CountDowner.h; sourceTree = "<group>"; };
		483010561DEDB85600B11BE9 /* CountDowner.m */ = {isa = PBXFileReference; fileEncoding = 4; lastKnownFileType = sourcecode.c.objc; path = CountDowner.m; sourceTree = "<group>"; };
		483AC5861DE525AF009E0E64 /* LiuHe.app */ = {isa = PBXFileReference; explicitFileType = wrapper.application; includeInIndex = 0; path = LiuHe.app; sourceTree = BUILT_PRODUCTS_DIR; };
		483AC58A1DE525AF009E0E64 /* main.m */ = {isa = PBXFileReference; lastKnownFileType = sourcecode.c.objc; path = main.m; sourceTree = "<group>"; };
		483AC58C1DE525AF009E0E64 /* AppDelegate.h */ = {isa = PBXFileReference; lastKnownFileType = sourcecode.c.h; path = AppDelegate.h; sourceTree = "<group>"; };
		483AC58D1DE525AF009E0E64 /* AppDelegate.m */ = {isa = PBXFileReference; lastKnownFileType = sourcecode.c.objc; path = AppDelegate.m; sourceTree = "<group>"; };
		483AC5951DE525AF009E0E64 /* Assets.xcassets */ = {isa = PBXFileReference; lastKnownFileType = folder.assetcatalog; path = Assets.xcassets; sourceTree = "<group>"; };
		483AC59A1DE525AF009E0E64 /* Info.plist */ = {isa = PBXFileReference; lastKnownFileType = text.plist.xml; path = Info.plist; sourceTree = "<group>"; };
		483AC59F1DE525AF009E0E64 /* LiuHeTests.xctest */ = {isa = PBXFileReference; explicitFileType = wrapper.cfbundle; includeInIndex = 0; path = LiuHeTests.xctest; sourceTree = BUILT_PRODUCTS_DIR; };
		483AC5A31DE525AF009E0E64 /* LiuHeTests.m */ = {isa = PBXFileReference; lastKnownFileType = sourcecode.c.objc; path = LiuHeTests.m; sourceTree = "<group>"; };
		483AC5A51DE525AF009E0E64 /* Info.plist */ = {isa = PBXFileReference; lastKnownFileType = text.plist.xml; path = Info.plist; sourceTree = "<group>"; };
		483AC5AA1DE525AF009E0E64 /* LiuHeUITests.xctest */ = {isa = PBXFileReference; explicitFileType = wrapper.cfbundle; includeInIndex = 0; path = LiuHeUITests.xctest; sourceTree = BUILT_PRODUCTS_DIR; };
		483AC5AE1DE525AF009E0E64 /* LiuHeUITests.m */ = {isa = PBXFileReference; lastKnownFileType = sourcecode.c.objc; path = LiuHeUITests.m; sourceTree = "<group>"; };
		483AC5B01DE525AF009E0E64 /* Info.plist */ = {isa = PBXFileReference; lastKnownFileType = text.plist.xml; path = Info.plist; sourceTree = "<group>"; };
		483AC5D61DE526CA009E0E64 /* BaseNavigationController.h */ = {isa = PBXFileReference; fileEncoding = 4; lastKnownFileType = sourcecode.c.h; path = BaseNavigationController.h; sourceTree = "<group>"; };
		483AC5D71DE526CA009E0E64 /* BaseNavigationController.m */ = {isa = PBXFileReference; fileEncoding = 4; lastKnownFileType = sourcecode.c.objc; path = BaseNavigationController.m; sourceTree = "<group>"; };
		483AC5D81DE526CA009E0E64 /* BaseTabBarController.h */ = {isa = PBXFileReference; fileEncoding = 4; lastKnownFileType = sourcecode.c.h; path = BaseTabBarController.h; sourceTree = "<group>"; };
		483AC5D91DE526CA009E0E64 /* BaseTabBarController.m */ = {isa = PBXFileReference; fileEncoding = 4; lastKnownFileType = sourcecode.c.objc; path = BaseTabBarController.m; sourceTree = "<group>"; };
		483AC5DA1DE526CA009E0E64 /* BaseViewController.h */ = {isa = PBXFileReference; fileEncoding = 4; lastKnownFileType = sourcecode.c.h; path = BaseViewController.h; sourceTree = "<group>"; };
		483AC5DB1DE526CA009E0E64 /* BaseViewController.m */ = {isa = PBXFileReference; fileEncoding = 4; lastKnownFileType = sourcecode.c.objc; path = BaseViewController.m; sourceTree = "<group>"; };
		483AC5DD1DE526CA009E0E64 /* XQBarButtonItem.h */ = {isa = PBXFileReference; fileEncoding = 4; lastKnownFileType = sourcecode.c.h; path = XQBarButtonItem.h; sourceTree = "<group>"; };
		483AC5DE1DE526CA009E0E64 /* XQBarButtonItem.m */ = {isa = PBXFileReference; fileEncoding = 4; lastKnownFileType = sourcecode.c.objc; path = XQBarButtonItem.m; sourceTree = "<group>"; };
		483AC5DF1DE526CA009E0E64 /* XQNavigationBar.h */ = {isa = PBXFileReference; fileEncoding = 4; lastKnownFileType = sourcecode.c.h; path = XQNavigationBar.h; sourceTree = "<group>"; };
		483AC5E01DE526CA009E0E64 /* XQNavigationBar.m */ = {isa = PBXFileReference; fileEncoding = 4; lastKnownFileType = sourcecode.c.objc; path = XQNavigationBar.m; sourceTree = "<group>"; };
		483AC5E31DE526CB009E0E64 /* XQCycleImageView.h */ = {isa = PBXFileReference; fileEncoding = 4; lastKnownFileType = sourcecode.c.h; path = XQCycleImageView.h; sourceTree = "<group>"; };
		483AC5E41DE526CB009E0E64 /* XQCycleImageView.m */ = {isa = PBXFileReference; fileEncoding = 4; lastKnownFileType = sourcecode.c.objc; path = XQCycleImageView.m; sourceTree = "<group>"; };
		483AC5ED1DE52749009E0E64 /* ForumViewController.h */ = {isa = PBXFileReference; fileEncoding = 4; lastKnownFileType = sourcecode.c.h; path = ForumViewController.h; sourceTree = "<group>"; };
		483AC5EE1DE52749009E0E64 /* ForumViewController.m */ = {isa = PBXFileReference; fileEncoding = 4; lastKnownFileType = sourcecode.c.objc; path = ForumViewController.m; sourceTree = "<group>"; };
		483AC5F71DE52749009E0E64 /* UserViewController.h */ = {isa = PBXFileReference; fileEncoding = 4; lastKnownFileType = sourcecode.c.h; path = UserViewController.h; sourceTree = "<group>"; };
		483AC5F81DE52749009E0E64 /* UserViewController.m */ = {isa = PBXFileReference; fileEncoding = 4; lastKnownFileType = sourcecode.c.objc; path = UserViewController.m; sourceTree = "<group>"; };
		483AC5FB1DE52749009E0E64 /* MineHeadView.h */ = {isa = PBXFileReference; fileEncoding = 4; lastKnownFileType = sourcecode.c.h; path = MineHeadView.h; sourceTree = "<group>"; };
		483AC5FC1DE52749009E0E64 /* MineHeadView.m */ = {isa = PBXFileReference; fileEncoding = 4; lastKnownFileType = sourcecode.c.objc; path = MineHeadView.m; sourceTree = "<group>"; };
		483AC6001DE5276A009E0E64 /* HomeViewController.h */ = {isa = PBXFileReference; fileEncoding = 4; lastKnownFileType = sourcecode.c.h; path = HomeViewController.h; sourceTree = "<group>"; };
		483AC6011DE5276A009E0E64 /* HomeViewController.m */ = {isa = PBXFileReference; fileEncoding = 4; lastKnownFileType = sourcecode.c.objc; path = HomeViewController.m; sourceTree = "<group>"; };
		483AC6031DE52830009E0E64 /* MenuItem.h */ = {isa = PBXFileReference; fileEncoding = 4; lastKnownFileType = sourcecode.c.h; path = MenuItem.h; sourceTree = "<group>"; };
		483AC6041DE52830009E0E64 /* MenuItem.m */ = {isa = PBXFileReference; fileEncoding = 4; lastKnownFileType = sourcecode.c.objc; path = MenuItem.m; sourceTree = "<group>"; };
		483AC6061DE528BE009E0E64 /* LiuHe.pch */ = {isa = PBXFileReference; fileEncoding = 4; lastKnownFileType = sourcecode.c.h; path = LiuHe.pch; sourceTree = "<group>"; };
		483AC60A1DE533F8009E0E64 /* XQFasciatePageControl.h */ = {isa = PBXFileReference; fileEncoding = 4; lastKnownFileType = sourcecode.c.h; path = XQFasciatePageControl.h; sourceTree = "<group>"; };
		483AC60B1DE533F8009E0E64 /* XQFasciatePageControl.m */ = {isa = PBXFileReference; fileEncoding = 4; lastKnownFileType = sourcecode.c.objc; path = XQFasciatePageControl.m; sourceTree = "<group>"; };
		483AC60F1DE54080009E0E64 /* NetworkManager.h */ = {isa = PBXFileReference; fileEncoding = 4; lastKnownFileType = sourcecode.c.h; path = NetworkManager.h; sourceTree = "<group>"; };
		483AC6101DE54080009E0E64 /* NetworkManager.m */ = {isa = PBXFileReference; fileEncoding = 4; lastKnownFileType = sourcecode.c.objc; path = NetworkManager.m; sourceTree = "<group>"; };
		483AC6131DE5413E009E0E64 /* NetworkUrl.h */ = {isa = PBXFileReference; fileEncoding = 4; lastKnownFileType = sourcecode.c.h; path = NetworkUrl.h; sourceTree = "<group>"; };
		483AC6151DE541F3009E0E64 /* NSString+Extension.h */ = {isa = PBXFileReference; fileEncoding = 4; lastKnownFileType = sourcecode.c.h; path = "NSString+Extension.h"; sourceTree = "<group>"; };
		483AC6161DE541F3009E0E64 /* NSString+Extension.m */ = {isa = PBXFileReference; fileEncoding = 4; lastKnownFileType = sourcecode.c.objc; path = "NSString+Extension.m"; sourceTree = "<group>"; };
		483AC6181DE54593009E0E64 /* Common.h */ = {isa = PBXFileReference; fileEncoding = 4; lastKnownFileType = sourcecode.c.h; path = Common.h; sourceTree = "<group>"; };
		483AC61F1DE5B1BA009E0E64 /* XQTextField.h */ = {isa = PBXFileReference; fileEncoding = 4; lastKnownFileType = sourcecode.c.h; path = XQTextField.h; sourceTree = "<group>"; };
		483AC6201DE5B1BA009E0E64 /* XQTextField.m */ = {isa = PBXFileReference; fileEncoding = 4; lastKnownFileType = sourcecode.c.objc; path = XQTextField.m; sourceTree = "<group>"; };
		483AC6271DE5C240009E0E64 /* UIImage+Extension.h */ = {isa = PBXFileReference; fileEncoding = 4; lastKnownFileType = sourcecode.c.h; path = "UIImage+Extension.h"; sourceTree = "<group>"; };
		483AC6281DE5C240009E0E64 /* UIImage+Extension.m */ = {isa = PBXFileReference; fileEncoding = 4; lastKnownFileType = sourcecode.c.objc; path = "UIImage+Extension.m"; sourceTree = "<group>"; };
		484258751DF254E800B1E8E0 /* PicDetailViewController.h */ = {isa = PBXFileReference; fileEncoding = 4; lastKnownFileType = sourcecode.c.h; path = PicDetailViewController.h; sourceTree = "<group>"; };
		484258761DF254E800B1E8E0 /* PicDetailViewController.m */ = {isa = PBXFileReference; fileEncoding = 4; lastKnownFileType = sourcecode.c.objc; path = PicDetailViewController.m; sourceTree = "<group>"; };
		488F1A131DE6CB4B005C6882 /* UserModel.h */ = {isa = PBXFileReference; fileEncoding = 4; lastKnownFileType = sourcecode.c.h; path = UserModel.h; sourceTree = "<group>"; };
		488F1A141DE6CB4B005C6882 /* UserModel.m */ = {isa = PBXFileReference; fileEncoding = 4; lastKnownFileType = sourcecode.c.objc; path = UserModel.m; sourceTree = "<group>"; };
		488FFF2E1DE863C50061E9EF /* LoginViewController.h */ = {isa = PBXFileReference; fileEncoding = 4; lastKnownFileType = sourcecode.c.h; path = LoginViewController.h; sourceTree = "<group>"; };
		488FFF2F1DE863C50061E9EF /* LoginViewController.m */ = {isa = PBXFileReference; fileEncoding = 4; lastKnownFileType = sourcecode.c.objc; path = LoginViewController.m; sourceTree = "<group>"; };
		488FFF301DE863C50061E9EF /* RegisteViewController.h */ = {isa = PBXFileReference; fileEncoding = 4; lastKnownFileType = sourcecode.c.h; path = RegisteViewController.h; sourceTree = "<group>"; };
		488FFF311DE863C50061E9EF /* RegisteViewController.m */ = {isa = PBXFileReference; fileEncoding = 4; lastKnownFileType = sourcecode.c.objc; path = RegisteViewController.m; sourceTree = "<group>"; };
		488FFF341DE8645A0061E9EF /* ModifyPswViewController.h */ = {isa = PBXFileReference; fileEncoding = 4; lastKnownFileType = sourcecode.c.h; path = ModifyPswViewController.h; sourceTree = "<group>"; };
		488FFF351DE8645A0061E9EF /* ModifyPswViewController.m */ = {isa = PBXFileReference; fileEncoding = 4; lastKnownFileType = sourcecode.c.objc; path = ModifyPswViewController.m; sourceTree = "<group>"; };
		489735581DEEABAE006ADA94 /* LotteryNumberModel.h */ = {isa = PBXFileReference; fileEncoding = 4; lastKnownFileType = sourcecode.c.h; path = LotteryNumberModel.h; sourceTree = "<group>"; };
		489735591DEEABAE006ADA94 /* LotteryNumberModel.m */ = {isa = PBXFileReference; fileEncoding = 4; lastKnownFileType = sourcecode.c.objc; path = LotteryNumberModel.m; sourceTree = "<group>"; };
		4897355C1DEEEBAD006ADA94 /* HistoryViewController.h */ = {isa = PBXFileReference; fileEncoding = 4; lastKnownFileType = sourcecode.c.h; path = HistoryViewController.h; sourceTree = "<group>"; };
		4897355D1DEEEBAD006ADA94 /* HistoryViewController.m */ = {isa = PBXFileReference; fileEncoding = 4; lastKnownFileType = sourcecode.c.objc; path = HistoryViewController.m; sourceTree = "<group>"; };
		489735621DEF021A006ADA94 /* HistoryDetailViewController.h */ = {isa = PBXFileReference; fileEncoding = 4; lastKnownFileType = sourcecode.c.h; path = HistoryDetailViewController.h; sourceTree = "<group>"; };
		489735631DEF021A006ADA94 /* HistoryDetailViewController.m */ = {isa = PBXFileReference; fileEncoding = 4; lastKnownFileType = sourcecode.c.objc; path = HistoryDetailViewController.m; sourceTree = "<group>"; };
		489932A21DF105220041A016 /* DataTableView.h */ = {isa = PBXFileReference; fileEncoding = 4; lastKnownFileType = sourcecode.c.h; path = DataTableView.h; sourceTree = "<group>"; };
		489932A31DF105220041A016 /* DataTableView.m */ = {isa = PBXFileReference; fileEncoding = 4; lastKnownFileType = sourcecode.c.objc; path = DataTableView.m; sourceTree = "<group>"; };
		489932A51DF146DC0041A016 /* TreasureViewController.h */ = {isa = PBXFileReference; fileEncoding = 4; lastKnownFileType = sourcecode.c.h; path = TreasureViewController.h; sourceTree = "<group>"; };
		489932A61DF146DC0041A016 /* TreasureViewController.m */ = {isa = PBXFileReference; fileEncoding = 4; lastKnownFileType = sourcecode.c.objc; path = TreasureViewController.m; sourceTree = "<group>"; };
		489932A91DF151500041A016 /* PicLibraryViewController.h */ = {isa = PBXFileReference; fileEncoding = 4; lastKnownFileType = sourcecode.c.h; path = PicLibraryViewController.h; sourceTree = "<group>"; };
		489932AA1DF151500041A016 /* PicLibraryViewController.m */ = {isa = PBXFileReference; fileEncoding = 4; lastKnownFileType = sourcecode.c.objc; path = PicLibraryViewController.m; sourceTree = "<group>"; };
		489932B71DF156250041A016 /* DataCell.h */ = {isa = PBXFileReference; fileEncoding = 4; lastKnownFileType = sourcecode.c.h; path = DataCell.h; sourceTree = "<group>"; };
		489932B81DF156250041A016 /* DataCell.m */ = {isa = PBXFileReference; fileEncoding = 4; lastKnownFileType = sourcecode.c.objc; path = DataCell.m; sourceTree = "<group>"; };
		489932B91DF156250041A016 /* HistoryCell.h */ = {isa = PBXFileReference; fileEncoding = 4; lastKnownFileType = sourcecode.c.h; path = HistoryCell.h; sourceTree = "<group>"; };
		489932BA1DF156250041A016 /* HistoryCell.m */ = {isa = PBXFileReference; fileEncoding = 4; lastKnownFileType = sourcecode.c.objc; path = HistoryCell.m; sourceTree = "<group>"; };
		489932BD1DF157130041A016 /* ColumnView.h */ = {isa = PBXFileReference; fileEncoding = 4; lastKnownFileType = sourcecode.c.h; path = ColumnView.h; sourceTree = "<group>"; };
		489932BE1DF157130041A016 /* ColumnView.m */ = {isa = PBXFileReference; fileEncoding = 4; lastKnownFileType = sourcecode.c.objc; path = ColumnView.m; sourceTree = "<group>"; };
		489932C01DF188190041A016 /* PicLibraryModel.h */ = {isa = PBXFileReference; fileEncoding = 4; lastKnownFileType = sourcecode.c.h; path = PicLibraryModel.h; sourceTree = "<group>"; };
		489932C11DF188190041A016 /* PicLibraryModel.m */ = {isa = PBXFileReference; fileEncoding = 4; lastKnownFileType = sourcecode.c.objc; path = PicLibraryModel.m; sourceTree = "<group>"; };
		489932C31DF18BA50041A016 /* PicLibraryTableView.h */ = {isa = PBXFileReference; fileEncoding = 4; lastKnownFileType = sourcecode.c.h; path = PicLibraryTableView.h; sourceTree = "<group>"; };
		489932C41DF18BA50041A016 /* PicLibraryTableView.m */ = {isa = PBXFileReference; fileEncoding = 4; lastKnownFileType = sourcecode.c.objc; path = PicLibraryTableView.m; sourceTree = "<group>"; };
		489932C61DF1940A0041A016 /* PicLibraryCell.h */ = {isa = PBXFileReference; fileEncoding = 4; lastKnownFileType = sourcecode.c.h; path = PicLibraryCell.h; sourceTree = "<group>"; };
		489932C71DF1940A0041A016 /* PicLibraryCell.m */ = {isa = PBXFileReference; fileEncoding = 4; lastKnownFileType = sourcecode.c.objc; path = PicLibraryCell.m; sourceTree = "<group>"; };
		48BE5AA31DEFC412004ACB90 /* WebViewController.h */ = {isa = PBXFileReference; fileEncoding = 4; lastKnownFileType = sourcecode.c.h; path = WebViewController.h; sourceTree = "<group>"; };
		48BE5AA41DEFC412004ACB90 /* WebViewController.m */ = {isa = PBXFileReference; fileEncoding = 4; lastKnownFileType = sourcecode.c.objc; path = WebViewController.m; sourceTree = "<group>"; };
		48BE5AA71DEFCACB004ACB90 /* DataViewController.h */ = {isa = PBXFileReference; fileEncoding = 4; lastKnownFileType = sourcecode.c.h; path = DataViewController.h; sourceTree = "<group>"; };
		48BE5AA81DEFCACB004ACB90 /* DataViewController.m */ = {isa = PBXFileReference; fileEncoding = 4; lastKnownFileType = sourcecode.c.objc; path = DataViewController.m; sourceTree = "<group>"; };
		48BE5AB51DF01550004ACB90 /* XQSpringMenu.h */ = {isa = PBXFileReference; fileEncoding = 4; lastKnownFileType = sourcecode.c.h; path = XQSpringMenu.h; sourceTree = "<group>"; };
		48BE5AB61DF01550004ACB90 /* XQSpringMenu.m */ = {isa = PBXFileReference; fileEncoding = 4; lastKnownFileType = sourcecode.c.objc; path = XQSpringMenu.m; sourceTree = "<group>"; };
		48BE5AB71DF01550004ACB90 /* XQSpringMenuItem.h */ = {isa = PBXFileReference; fileEncoding = 4; lastKnownFileType = sourcecode.c.h; path = XQSpringMenuItem.h; sourceTree = "<group>"; };
		48BE5AB81DF01550004ACB90 /* XQSpringMenuItem.m */ = {isa = PBXFileReference; fileEncoding = 4; lastKnownFileType = sourcecode.c.objc; path = XQSpringMenuItem.m; sourceTree = "<group>"; };
		48BE5ABB1DF01F7E004ACB90 /* DataModel.h */ = {isa = PBXFileReference; fileEncoding = 4; lastKnownFileType = sourcecode.c.h; path = DataModel.h; sourceTree = "<group>"; };
		48BE5ABC1DF01F7E004ACB90 /* DataModel.m */ = {isa = PBXFileReference; fileEncoding = 4; lastKnownFileType = sourcecode.c.objc; path = DataModel.m; sourceTree = "<group>"; };
		48BE5AC11DF050DE004ACB90 /* DataDetailViewController.h */ = {isa = PBXFileReference; fileEncoding = 4; lastKnownFileType = sourcecode.c.h; path = DataDetailViewController.h; sourceTree = "<group>"; };
		48BE5AC21DF050DE004ACB90 /* DataDetailViewController.m */ = {isa = PBXFileReference; fileEncoding = 4; lastKnownFileType = sourcecode.c.objc; path = DataDetailViewController.m; sourceTree = "<group>"; };
		48D83C951DEBC02400E62100 /* XQToast.h */ = {isa = PBXFileReference; fileEncoding = 4; lastKnownFileType = sourcecode.c.h; path = XQToast.h; sourceTree = "<group>"; };
		48D83C961DEBC02400E62100 /* XQToast.m */ = {isa = PBXFileReference; fileEncoding = 4; lastKnownFileType = sourcecode.c.objc; path = XQToast.m; sourceTree = "<group>"; };
		48D83C991DEBD12000E62100 /* SystemManager.h */ = {isa = PBXFileReference; fileEncoding = 4; lastKnownFileType = sourcecode.c.h; path = SystemManager.h; sourceTree = "<group>"; };
		48D83C9A1DEBD12000E62100 /* SystemManager.m */ = {isa = PBXFileReference; fileEncoding = 4; lastKnownFileType = sourcecode.c.objc; path = SystemManager.m; sourceTree = "<group>"; };
		48D83C9C1DEBDB3E00E62100 /* PostReleaseViewController.h */ = {isa = PBXFileReference; fileEncoding = 4; lastKnownFileType = sourcecode.c.h; path = PostReleaseViewController.h; sourceTree = "<group>"; };
		48D83C9D1DEBDB3E00E62100 /* PostReleaseViewController.m */ = {isa = PBXFileReference; fileEncoding = 4; lastKnownFileType = sourcecode.c.objc; path = PostReleaseViewController.m; sourceTree = "<group>"; };
		48D83C9F1DEC0D9500E62100 /* MyPostViewController.h */ = {isa = PBXFileReference; fileEncoding = 4; lastKnownFileType = sourcecode.c.h; path = MyPostViewController.h; sourceTree = "<group>"; };
		48D83CA01DEC0D9500E62100 /* MyPostViewController.m */ = {isa = PBXFileReference; fileEncoding = 4; lastKnownFileType = sourcecode.c.objc; path = MyPostViewController.m; sourceTree = "<group>"; };
		48D83CA31DEC0EA200E62100 /* XQSegmentedControl.h */ = {isa = PBXFileReference; fileEncoding = 4; lastKnownFileType = sourcecode.c.h; path = XQSegmentedControl.h; sourceTree = "<group>"; };
		48D83CA41DEC0EA200E62100 /* XQSegmentedControl.m */ = {isa = PBXFileReference; fileEncoding = 4; lastKnownFileType = sourcecode.c.objc; path = XQSegmentedControl.m; sourceTree = "<group>"; };
		48D83CA61DEC460300E62100 /* PostModel.h */ = {isa = PBXFileReference; fileEncoding = 4; lastKnownFileType = sourcecode.c.h; path = PostModel.h; sourceTree = "<group>"; };
		48D83CA71DEC460300E62100 /* PostModel.m */ = {isa = PBXFileReference; fileEncoding = 4; lastKnownFileType = sourcecode.c.objc; path = PostModel.m; sourceTree = "<group>"; };
		48D83CAE1DEC634D00E62100 /* MyCollectionViewController.h */ = {isa = PBXFileReference; fileEncoding = 4; lastKnownFileType = sourcecode.c.h; path = MyCollectionViewController.h; sourceTree = "<group>"; };
		48D83CAF1DEC634D00E62100 /* MyCollectionViewController.m */ = {isa = PBXFileReference; fileEncoding = 4; lastKnownFileType = sourcecode.c.objc; path = MyCollectionViewController.m; sourceTree = "<group>"; };
		48D83CB11DEC64A000E62100 /* CollectionModel.h */ = {isa = PBXFileReference; fileEncoding = 4; lastKnownFileType = sourcecode.c.h; path = CollectionModel.h; sourceTree = "<group>"; };
		48D83CB21DEC64A000E62100 /* CollectionModel.m */ = {isa = PBXFileReference; fileEncoding = 4; lastKnownFileType = sourcecode.c.objc; path = CollectionModel.m; sourceTree = "<group>"; };
		48D83CB51DEC6A3800E62100 /* XQAlertView.h */ = {isa = PBXFileReference; fileEncoding = 4; lastKnownFileType = sourcecode.c.h; path = XQAlertView.h; sourceTree = "<group>"; };
		48D83CB61DEC6A3800E62100 /* XQAlertView.m */ = {isa = PBXFileReference; fileEncoding = 4; lastKnownFileType = sourcecode.c.objc; path = XQAlertView.m; sourceTree = "<group>"; };
		48DBCB3A1DE9C7C100B989D6 /* FeedBackViewController.h */ = {isa = PBXFileReference; fileEncoding = 4; lastKnownFileType = sourcecode.c.h; path = FeedBackViewController.h; sourceTree = "<group>"; };
		48DBCB3B1DE9C7C100B989D6 /* FeedBackViewController.m */ = {isa = PBXFileReference; fileEncoding = 4; lastKnownFileType = sourcecode.c.objc; path = FeedBackViewController.m; sourceTree = "<group>"; };
		48DBCB3E1DE9C8E500B989D6 /* XQTextView.h */ = {isa = PBXFileReference; fileEncoding = 4; lastKnownFileType = sourcecode.c.h; path = XQTextView.h; sourceTree = "<group>"; };
		48DBCB3F1DE9C8E500B989D6 /* XQTextView.m */ = {isa = PBXFileReference; fileEncoding = 4; lastKnownFileType = sourcecode.c.objc; path = XQTextView.m; sourceTree = "<group>"; };
		48DBCB411DE9D99300B989D6 /* AboutUsViewController.h */ = {isa = PBXFileReference; fileEncoding = 4; lastKnownFileType = sourcecode.c.h; path = AboutUsViewController.h; sourceTree = "<group>"; };
		48DBCB421DE9D99300B989D6 /* AboutUsViewController.m */ = {isa = PBXFileReference; fileEncoding = 4; lastKnownFileType = sourcecode.c.objc; path = AboutUsViewController.m; sourceTree = "<group>"; };
		48DBCB441DE9DB3800B989D6 /* DisclaimerViewController.h */ = {isa = PBXFileReference; fileEncoding = 4; lastKnownFileType = sourcecode.c.h; path = DisclaimerViewController.h; sourceTree = "<group>"; };
		48DBCB451DE9DB3800B989D6 /* DisclaimerViewController.m */ = {isa = PBXFileReference; fileEncoding = 4; lastKnownFileType = sourcecode.c.objc; path = DisclaimerViewController.m; sourceTree = "<group>"; };
		48DFD2E81DF4FD64006AF778 /* ForumReplyModel.h */ = {isa = PBXFileReference; fileEncoding = 4; lastKnownFileType = sourcecode.c.h; path = ForumReplyModel.h; sourceTree = "<group>"; };
		48DFD2E91DF4FD64006AF778 /* ForumReplyModel.m */ = {isa = PBXFileReference; fileEncoding = 4; lastKnownFileType = sourcecode.c.objc; path = ForumReplyModel.m; sourceTree = "<group>"; };
		48DFD2EB1DF501FB006AF778 /* ForumDetailHeader.h */ = {isa = PBXFileReference; fileEncoding = 4; lastKnownFileType = sourcecode.c.h; path = ForumDetailHeader.h; sourceTree = "<group>"; };
		48DFD2EC1DF501FB006AF778 /* ForumDetailHeader.m */ = {isa = PBXFileReference; fileEncoding = 4; lastKnownFileType = sourcecode.c.objc; path = ForumDetailHeader.m; sourceTree = "<group>"; };
		48DFD2F11DF51A6B006AF778 /* ForumCommentCell.h */ = {isa = PBXFileReference; fileEncoding = 4; lastKnownFileType = sourcecode.c.h; path = ForumCommentCell.h; sourceTree = "<group>"; };
		48DFD2F21DF51A6B006AF778 /* ForumCommentCell.m */ = {isa = PBXFileReference; fileEncoding = 4; lastKnownFileType = sourcecode.c.objc; path = ForumCommentCell.m; sourceTree = "<group>"; };
		48DFD2F41DF53E9E006AF778 /* ForumCommentViewController.h */ = {isa = PBXFileReference; fileEncoding = 4; lastKnownFileType = sourcecode.c.h; path = ForumCommentViewController.h; sourceTree = "<group>"; };
		48DFD2F51DF53E9E006AF778 /* ForumCommentViewController.m */ = {isa = PBXFileReference; fileEncoding = 4; lastKnownFileType = sourcecode.c.objc; path = ForumCommentViewController.m; sourceTree = "<group>"; };
		48DFD2F81DF56FE3006AF778 /* ShareManager.h */ = {isa = PBXFileReference; fileEncoding = 4; lastKnownFileType = sourcecode.c.h; path = ShareManager.h; sourceTree = "<group>"; };
		48DFD2F91DF56FE3006AF778 /* ShareManager.m */ = {isa = PBXFileReference; fileEncoding = 4; lastKnownFileType = sourcecode.c.objc; path = ShareManager.m; sourceTree = "<group>"; };
		48E271D11DE708A200CA3F4D /* MyDataViewController.h */ = {isa = PBXFileReference; fileEncoding = 4; lastKnownFileType = sourcecode.c.h; path = MyDataViewController.h; sourceTree = "<group>"; };
		48E271D21DE708A200CA3F4D /* MyDataViewController.m */ = {isa = PBXFileReference; fileEncoding = 4; lastKnownFileType = sourcecode.c.objc; path = MyDataViewController.m; sourceTree = "<group>"; };
		48E271D51DE708FC00CA3F4D /* XQActionSheet.h */ = {isa = PBXFileReference; fileEncoding = 4; lastKnownFileType = sourcecode.c.h; path = XQActionSheet.h; sourceTree = "<group>"; };
		48E271D61DE708FC00CA3F4D /* XQActionSheet.m */ = {isa = PBXFileReference; fileEncoding = 4; lastKnownFileType = sourcecode.c.objc; path = XQActionSheet.m; sourceTree = "<group>"; };
		48E271D91DE7253200CA3F4D /* SettingViewController.h */ = {isa = PBXFileReference; fileEncoding = 4; lastKnownFileType = sourcecode.c.h; path = SettingViewController.h; sourceTree = "<group>"; };
		48E271DA1DE7253200CA3F4D /* SettingViewController.m */ = {isa = PBXFileReference; fileEncoding = 4; lastKnownFileType = sourcecode.c.objc; path = SettingViewController.m; sourceTree = "<group>"; };
		6889F03AADAB6FAF8C717B85 /* libPods-LiuHe.a */ = {isa = PBXFileReference; explicitFileType = archive.ar; includeInIndex = 0; path = "libPods-LiuHe.a"; sourceTree = BUILT_PRODUCTS_DIR; };
		E4B2EB7F459E36B4FE011C7F /* Pods-LiuHe.debug.xcconfig */ = {isa = PBXFileReference; includeInIndex = 1; lastKnownFileType = text.xcconfig; name = "Pods-LiuHe.debug.xcconfig"; path = "Pods/Target Support Files/Pods-LiuHe/Pods-LiuHe.debug.xcconfig"; sourceTree = "<group>"; };
/* End PBXFileReference section */

/* Begin PBXFrameworksBuildPhase section */
		483AC5831DE525AF009E0E64 /* Frameworks */ = {
			isa = PBXFrameworksBuildPhase;
			buildActionMask = 2147483647;
			files = (
				239491FE0DE2EC08498AD64C /* libPods-LiuHe.a in Frameworks */,
			);
			runOnlyForDeploymentPostprocessing = 0;
		};
		483AC59C1DE525AF009E0E64 /* Frameworks */ = {
			isa = PBXFrameworksBuildPhase;
			buildActionMask = 2147483647;
			files = (
			);
			runOnlyForDeploymentPostprocessing = 0;
		};
		483AC5A71DE525AF009E0E64 /* Frameworks */ = {
			isa = PBXFrameworksBuildPhase;
			buildActionMask = 2147483647;
			files = (
			);
			runOnlyForDeploymentPostprocessing = 0;
		};
/* End PBXFrameworksBuildPhase section */

/* Begin PBXGroup section */
		482655CA1DF423F900122766 /* View */ = {
			isa = PBXGroup;
			children = (
				482655CB1DF4241500122766 /* ForumCell.h */,
				482655CC1DF4241500122766 /* ForumCell.m */,
				48DFD2F11DF51A6B006AF778 /* ForumCommentCell.h */,
				48DFD2F21DF51A6B006AF778 /* ForumCommentCell.m */,
				48DFD2EB1DF501FB006AF778 /* ForumDetailHeader.h */,
				48DFD2EC1DF501FB006AF778 /* ForumDetailHeader.m */,
			);
			path = View;
			sourceTree = "<group>";
		};
		482655CE1DF4271100122766 /* Model */ = {
			isa = PBXGroup;
			children = (
				482655CF1DF4272B00122766 /* ForumModel.h */,
				482655D01DF4272B00122766 /* ForumModel.m */,
				48DFD2E81DF4FD64006AF778 /* ForumReplyModel.h */,
				48DFD2E91DF4FD64006AF778 /* ForumReplyModel.m */,
			);
			path = Model;
			sourceTree = "<group>";
		};
		483010411DED278000B11BE9 /* 我的回复 */ = {
			isa = PBXGroup;
			children = (
				483010421DED27DC00B11BE9 /* MyReplyViewController.h */,
				483010431DED27DC00B11BE9 /* MyReplyViewController.m */,
			);
			path = "我的回复";
			sourceTree = "<group>";
		};
		4830104B1DED803E00B11BE9 /* Model */ = {
			isa = PBXGroup;
			children = (
				4830104C1DED804D00B11BE9 /* AdvertModel.h */,
				4830104D1DED804D00B11BE9 /* AdvertModel.m */,
				489735581DEEABAE006ADA94 /* LotteryNumberModel.h */,
				489735591DEEABAE006ADA94 /* LotteryNumberModel.m */,
				48BE5ABB1DF01F7E004ACB90 /* DataModel.h */,
				48BE5ABC1DF01F7E004ACB90 /* DataModel.m */,
				489932C01DF188190041A016 /* PicLibraryModel.h */,
				489932C11DF188190041A016 /* PicLibraryModel.m */,
			);
			path = Model;
			sourceTree = "<group>";
		};
		483AC57D1DE525AF009E0E64 = {
			isa = PBXGroup;
			children = (
				483AC5881DE525AF009E0E64 /* LiuHe */,
				483AC5A21DE525AF009E0E64 /* LiuHeTests */,
				483AC5AD1DE525AF009E0E64 /* LiuHeUITests */,
				483AC5871DE525AF009E0E64 /* Products */,
				EBC844712FE2911ED0BEBB43 /* Pods */,
				6C267AB83E089C8449D82B56 /* Frameworks */,
			);
			sourceTree = "<group>";
		};
		483AC5871DE525AF009E0E64 /* Products */ = {
			isa = PBXGroup;
			children = (
				483AC5861DE525AF009E0E64 /* LiuHe.app */,
				483AC59F1DE525AF009E0E64 /* LiuHeTests.xctest */,
				483AC5AA1DE525AF009E0E64 /* LiuHeUITests.xctest */,
			);
			name = Products;
			sourceTree = "<group>";
		};
		483AC5881DE525AF009E0E64 /* LiuHe */ = {
			isa = PBXGroup;
			children = (
				483AC5D31DE526CA009E0E64 /* Classes */,
				483AC5891DE525AF009E0E64 /* Supporting Files */,
			);
			path = LiuHe;
			sourceTree = "<group>";
		};
		483AC5891DE525AF009E0E64 /* Supporting Files */ = {
			isa = PBXGroup;
			children = (
				483AC58C1DE525AF009E0E64 /* AppDelegate.h */,
				483AC58D1DE525AF009E0E64 /* AppDelegate.m */,
				483AC5951DE525AF009E0E64 /* Assets.xcassets */,
				483AC59A1DE525AF009E0E64 /* Info.plist */,
				483AC58A1DE525AF009E0E64 /* main.m */,
				483AC6061DE528BE009E0E64 /* LiuHe.pch */,
				483AC6181DE54593009E0E64 /* Common.h */,
			);
			name = "Supporting Files";
			sourceTree = "<group>";
		};
		483AC5A21DE525AF009E0E64 /* LiuHeTests */ = {
			isa = PBXGroup;
			children = (
				483AC5A31DE525AF009E0E64 /* LiuHeTests.m */,
				483AC5A51DE525AF009E0E64 /* Info.plist */,
			);
			path = LiuHeTests;
			sourceTree = "<group>";
		};
		483AC5AD1DE525AF009E0E64 /* LiuHeUITests */ = {
			isa = PBXGroup;
			children = (
				483AC5AE1DE525AF009E0E64 /* LiuHeUITests.m */,
				483AC5B01DE525AF009E0E64 /* Info.plist */,
			);
			path = LiuHeUITests;
			sourceTree = "<group>";
		};
		483AC5D31DE526CA009E0E64 /* Classes */ = {
			isa = PBXGroup;
			children = (
				483AC5D41DE526CA009E0E64 /* BaseViewController */,
				483AC5F11DE52749009E0E64 /* HomeViewController */,
				483AC5EB1DE52749009E0E64 /* ForumViewController */,
				483AC5F51DE52749009E0E64 /* UserViewController */,
				483AC5E11DE526CB009E0E64 /* CustomView */,
				483AC60D1DE54051009E0E64 /* UtilityObject */,
			);
			path = Classes;
			sourceTree = "<group>";
		};
		483AC5D41DE526CA009E0E64 /* BaseViewController */ = {
			isa = PBXGroup;
			children = (
				483AC5D51DE526CA009E0E64 /* Controller */,
				483AC5DC1DE526CA009E0E64 /* View */,
			);
			path = BaseViewController;
			sourceTree = "<group>";
		};
		483AC5D51DE526CA009E0E64 /* Controller */ = {
			isa = PBXGroup;
			children = (
				483AC5D61DE526CA009E0E64 /* BaseNavigationController.h */,
				483AC5D71DE526CA009E0E64 /* BaseNavigationController.m */,
				483AC5D81DE526CA009E0E64 /* BaseTabBarController.h */,
				483AC5D91DE526CA009E0E64 /* BaseTabBarController.m */,
				483AC5DA1DE526CA009E0E64 /* BaseViewController.h */,
				483AC5DB1DE526CA009E0E64 /* BaseViewController.m */,
			);
			path = Controller;
			sourceTree = "<group>";
		};
		483AC5DC1DE526CA009E0E64 /* View */ = {
			isa = PBXGroup;
			children = (
				483AC5DD1DE526CA009E0E64 /* XQBarButtonItem.h */,
				483AC5DE1DE526CA009E0E64 /* XQBarButtonItem.m */,
				483AC5DF1DE526CA009E0E64 /* XQNavigationBar.h */,
				483AC5E01DE526CA009E0E64 /* XQNavigationBar.m */,
			);
			path = View;
			sourceTree = "<group>";
		};
		483AC5E11DE526CB009E0E64 /* CustomView */ = {
			isa = PBXGroup;
			children = (
				48D83CB41DEC6A3800E62100 /* XQAlertView */,
				48E271D41DE708FC00CA3F4D /* XQActionSheet */,
				48D83CA21DEC0EA200E62100 /* XQSegmentedControl */,
				48BE5AB41DF01550004ACB90 /* XQSpringMenu */,
				483AC61E1DE5B18B009E0E64 /* XQTextField */,
				48DBCB3D1DE9C8CD00B989D6 /* XQTextView */,
				48D83C941DEBC02400E62100 /* XQToast */,
				483AC6091DE533F8009E0E64 /* XQFasciatePageControl */,
				483AC5E21DE526CB009E0E64 /* CycleImageView */,
			);
			path = CustomView;
			sourceTree = "<group>";
		};
		483AC5E21DE526CB009E0E64 /* CycleImageView */ = {
			isa = PBXGroup;
			children = (
				483AC5E31DE526CB009E0E64 /* XQCycleImageView.h */,
				483AC5E41DE526CB009E0E64 /* XQCycleImageView.m */,
			);
			path = CycleImageView;
			sourceTree = "<group>";
		};
		483AC5EB1DE52749009E0E64 /* ForumViewController */ = {
			isa = PBXGroup;
			children = (
				482655CE1DF4271100122766 /* Model */,
				483AC5EC1DE52749009E0E64 /* Controller */,
				482655CA1DF423F900122766 /* View */,
			);
			path = ForumViewController;
			sourceTree = "<group>";
		};
		483AC5EC1DE52749009E0E64 /* Controller */ = {
			isa = PBXGroup;
			children = (
				483AC5ED1DE52749009E0E64 /* ForumViewController.h */,
				483AC5EE1DE52749009E0E64 /* ForumViewController.m */,
				482655D21DF4751B00122766 /* ForumDetailViewController.h */,
				482655D31DF4751B00122766 /* ForumDetailViewController.m */,
				48DFD2F41DF53E9E006AF778 /* ForumCommentViewController.h */,
				48DFD2F51DF53E9E006AF778 /* ForumCommentViewController.m */,
			);
			path = Controller;
			sourceTree = "<group>";
		};
		483AC5F11DE52749009E0E64 /* HomeViewController */ = {
			isa = PBXGroup;
			children = (
				4830104B1DED803E00B11BE9 /* Model */,
				483AC5F21DE52749009E0E64 /* Controller */,
				483AC5F41DE52749009E0E64 /* View */,
			);
			path = HomeViewController;
			sourceTree = "<group>";
		};
		483AC5F21DE52749009E0E64 /* Controller */ = {
			isa = PBXGroup;
			children = (
				483AC6001DE5276A009E0E64 /* HomeViewController.h */,
				483AC6011DE5276A009E0E64 /* HomeViewController.m */,
				4830104F1DED8F2F00B11BE9 /* VideoLotteryViewController.h */,
				483010501DED8F2F00B11BE9 /* VideoLotteryViewController.m */,
				48BE5AA31DEFC412004ACB90 /* WebViewController.h */,
				48BE5AA41DEFC412004ACB90 /* WebViewController.m */,
				489932A51DF146DC0041A016 /* TreasureViewController.h */,
				489932A61DF146DC0041A016 /* TreasureViewController.m */,
				4897355B1DEEEB93006ADA94 /* 历史记录 */,
				48BE5AA61DEFCABC004ACB90 /* 六合资料 */,
				489932A81DF150EC0041A016 /* 六合图库 */,
			);
			path = Controller;
			sourceTree = "<group>";
		};
		483AC5F41DE52749009E0E64 /* View */ = {
			isa = PBXGroup;
			children = (
				483AC6031DE52830009E0E64 /* MenuItem.h */,
				483AC6041DE52830009E0E64 /* MenuItem.m */,
				483010521DEDA6B000B11BE9 /* LotteryView.h */,
				483010531DEDA6B000B11BE9 /* LotteryView.m */,
				483010551DEDB85600B11BE9 /* CountDowner.h */,
				483010561DEDB85600B11BE9 /* CountDowner.m */,
				489932A21DF105220041A016 /* DataTableView.h */,
				489932A31DF105220041A016 /* DataTableView.m */,
				489932C31DF18BA50041A016 /* PicLibraryTableView.h */,
				489932C41DF18BA50041A016 /* PicLibraryTableView.m */,
				489932BD1DF157130041A016 /* ColumnView.h */,
				489932BE1DF157130041A016 /* ColumnView.m */,
				489932B61DF156250041A016 /* CellView */,
			);
			path = View;
			sourceTree = "<group>";
		};
		483AC5F51DE52749009E0E64 /* UserViewController */ = {
			isa = PBXGroup;
			children = (
				483AC5F61DE52749009E0E64 /* Controller */,
				488F1A121DE6CB3E005C6882 /* Model */,
				483AC5FA1DE52749009E0E64 /* View */,
			);
			path = UserViewController;
			sourceTree = "<group>";
		};
		483AC5F61DE52749009E0E64 /* Controller */ = {
			isa = PBXGroup;
			children = (
				483AC5F71DE52749009E0E64 /* UserViewController.h */,
				483AC5F81DE52749009E0E64 /* UserViewController.m */,
				48D83C9C1DEBDB3E00E62100 /* PostReleaseViewController.h */,
				48D83C9D1DEBDB3E00E62100 /* PostReleaseViewController.m */,
				488FFF341DE8645A0061E9EF /* ModifyPswViewController.h */,
				488FFF351DE8645A0061E9EF /* ModifyPswViewController.m */,
				48E271D11DE708A200CA3F4D /* MyDataViewController.h */,
				48E271D21DE708A200CA3F4D /* MyDataViewController.m */,
				48D83C9F1DEC0D9500E62100 /* MyPostViewController.h */,
				48D83CA01DEC0D9500E62100 /* MyPostViewController.m */,
				48D83CAD1DEC634D00E62100 /* 我的收藏 */,
				483010411DED278000B11BE9 /* 我的回复 */,
				488FFF2D1DE863C50061E9EF /* 注册登录 */,
				48E271D81DE7253200CA3F4D /* 设置 */,
			);
			path = Controller;
			sourceTree = "<group>";
		};
		483AC5FA1DE52749009E0E64 /* View */ = {
			isa = PBXGroup;
			children = (
				483AC5FB1DE52749009E0E64 /* MineHeadView.h */,
				483AC5FC1DE52749009E0E64 /* MineHeadView.m */,
			);
			path = View;
			sourceTree = "<group>";
		};
		483AC6091DE533F8009E0E64 /* XQFasciatePageControl */ = {
			isa = PBXGroup;
			children = (
				483AC60A1DE533F8009E0E64 /* XQFasciatePageControl.h */,
				483AC60B1DE533F8009E0E64 /* XQFasciatePageControl.m */,
			);
			path = XQFasciatePageControl;
			sourceTree = "<group>";
		};
		483AC60D1DE54051009E0E64 /* UtilityObject */ = {
			isa = PBXGroup;
			children = (
				48DFD2F71DF56FBE006AF778 /* ShareManager */,
				48D83C981DEBD0FC00E62100 /* SystemManager */,
				483AC6141DE541C9009E0E64 /* Category */,
				483AC60E1DE54051009E0E64 /* Network */,
			);
			path = UtilityObject;
			sourceTree = "<group>";
		};
		483AC60E1DE54051009E0E64 /* Network */ = {
			isa = PBXGroup;
			children = (
				483AC60F1DE54080009E0E64 /* NetworkManager.h */,
				483AC6101DE54080009E0E64 /* NetworkManager.m */,
				483AC6131DE5413E009E0E64 /* NetworkUrl.h */,
			);
			path = Network;
			sourceTree = "<group>";
		};
		483AC6141DE541C9009E0E64 /* Category */ = {
			isa = PBXGroup;
			children = (
				483AC6151DE541F3009E0E64 /* NSString+Extension.h */,
				483AC6161DE541F3009E0E64 /* NSString+Extension.m */,
				483AC6271DE5C240009E0E64 /* UIImage+Extension.h */,
				483AC6281DE5C240009E0E64 /* UIImage+Extension.m */,
			);
			path = Category;
			sourceTree = "<group>";
		};
		483AC61E1DE5B18B009E0E64 /* XQTextField */ = {
			isa = PBXGroup;
			children = (
				483AC61F1DE5B1BA009E0E64 /* XQTextField.h */,
				483AC6201DE5B1BA009E0E64 /* XQTextField.m */,
			);
			path = XQTextField;
			sourceTree = "<group>";
		};
		488F1A121DE6CB3E005C6882 /* Model */ = {
			isa = PBXGroup;
			children = (
				488F1A131DE6CB4B005C6882 /* UserModel.h */,
				488F1A141DE6CB4B005C6882 /* UserModel.m */,
				48D83CA61DEC460300E62100 /* PostModel.h */,
				48D83CA71DEC460300E62100 /* PostModel.m */,
				48D83CB11DEC64A000E62100 /* CollectionModel.h */,
				48D83CB21DEC64A000E62100 /* CollectionModel.m */,
				483010451DED2C0000B11BE9 /* ReplyModel.h */,
				483010461DED2C0000B11BE9 /* ReplyModel.m */,
			);
			path = Model;
			sourceTree = "<group>";
		};
		488FFF2D1DE863C50061E9EF /* 注册登录 */ = {
			isa = PBXGroup;
			children = (
				488FFF2E1DE863C50061E9EF /* LoginViewController.h */,
				488FFF2F1DE863C50061E9EF /* LoginViewController.m */,
				488FFF301DE863C50061E9EF /* RegisteViewController.h */,
				488FFF311DE863C50061E9EF /* RegisteViewController.m */,
			);
			path = "注册登录";
			sourceTree = "<group>";
		};
		4897355B1DEEEB93006ADA94 /* 历史记录 */ = {
			isa = PBXGroup;
			children = (
				4897355C1DEEEBAD006ADA94 /* HistoryViewController.h */,
				4897355D1DEEEBAD006ADA94 /* HistoryViewController.m */,
				489735621DEF021A006ADA94 /* HistoryDetailViewController.h */,
				489735631DEF021A006ADA94 /* HistoryDetailViewController.m */,
			);
			path = "历史记录";
			sourceTree = "<group>";
		};
		489932A81DF150EC0041A016 /* 六合图库 */ = {
			isa = PBXGroup;
			children = (
				489932A91DF151500041A016 /* PicLibraryViewController.h */,
				489932AA1DF151500041A016 /* PicLibraryViewController.m */,
				484258751DF254E800B1E8E0 /* PicDetailViewController.h */,
				484258761DF254E800B1E8E0 /* PicDetailViewController.m */,
			);
			path = "六合图库";
			sourceTree = "<group>";
		};
		489932B61DF156250041A016 /* CellView */ = {
			isa = PBXGroup;
			children = (
				489932B71DF156250041A016 /* DataCell.h */,
				489932B81DF156250041A016 /* DataCell.m */,
				489932C61DF1940A0041A016 /* PicLibraryCell.h */,
				489932C71DF1940A0041A016 /* PicLibraryCell.m */,
				489932B91DF156250041A016 /* HistoryCell.h */,
				489932BA1DF156250041A016 /* HistoryCell.m */,
			);
			path = CellView;
			sourceTree = "<group>";
		};
		48BE5AA61DEFCABC004ACB90 /* 六合资料 */ = {
			isa = PBXGroup;
			children = (
				48BE5AA71DEFCACB004ACB90 /* DataViewController.h */,
				48BE5AA81DEFCACB004ACB90 /* DataViewController.m */,
				48BE5AC11DF050DE004ACB90 /* DataDetailViewController.h */,
				48BE5AC21DF050DE004ACB90 /* DataDetailViewController.m */,
			);
			path = "六合资料";
			sourceTree = "<group>";
		};
		48BE5AB41DF01550004ACB90 /* XQSpringMenu */ = {
			isa = PBXGroup;
			children = (
				48BE5AB51DF01550004ACB90 /* XQSpringMenu.h */,
				48BE5AB61DF01550004ACB90 /* XQSpringMenu.m */,
				48BE5AB71DF01550004ACB90 /* XQSpringMenuItem.h */,
				48BE5AB81DF01550004ACB90 /* XQSpringMenuItem.m */,
			);
			path = XQSpringMenu;
			sourceTree = "<group>";
		};
		48D83C941DEBC02400E62100 /* XQToast */ = {
			isa = PBXGroup;
			children = (
				48D83C951DEBC02400E62100 /* XQToast.h */,
				48D83C961DEBC02400E62100 /* XQToast.m */,
			);
			path = XQToast;
			sourceTree = "<group>";
		};
		48D83C981DEBD0FC00E62100 /* SystemManager */ = {
			isa = PBXGroup;
			children = (
				48D83C991DEBD12000E62100 /* SystemManager.h */,
				48D83C9A1DEBD12000E62100 /* SystemManager.m */,
			);
			path = SystemManager;
			sourceTree = "<group>";
		};
		48D83CA21DEC0EA200E62100 /* XQSegmentedControl */ = {
			isa = PBXGroup;
			children = (
				48D83CA31DEC0EA200E62100 /* XQSegmentedControl.h */,
				48D83CA41DEC0EA200E62100 /* XQSegmentedControl.m */,
			);
			path = XQSegmentedControl;
			sourceTree = "<group>";
		};
		48D83CAD1DEC634D00E62100 /* 我的收藏 */ = {
			isa = PBXGroup;
			children = (
				48D83CAE1DEC634D00E62100 /* MyCollectionViewController.h */,
				48D83CAF1DEC634D00E62100 /* MyCollectionViewController.m */,
				4830103E1DED1B4800B11BE9 /* CollectionWebViewController.h */,
				4830103F1DED1B4800B11BE9 /* CollectionWebViewController.m */,
			);
			path = "我的收藏";
			sourceTree = "<group>";
		};
		48D83CB41DEC6A3800E62100 /* XQAlertView */ = {
			isa = PBXGroup;
			children = (
				48D83CB51DEC6A3800E62100 /* XQAlertView.h */,
				48D83CB61DEC6A3800E62100 /* XQAlertView.m */,
			);
			path = XQAlertView;
			sourceTree = "<group>";
		};
		48DBCB3D1DE9C8CD00B989D6 /* XQTextView */ = {
			isa = PBXGroup;
			children = (
				48DBCB3E1DE9C8E500B989D6 /* XQTextView.h */,
				48DBCB3F1DE9C8E500B989D6 /* XQTextView.m */,
			);
			path = XQTextView;
			sourceTree = "<group>";
		};
		48DFD2F71DF56FBE006AF778 /* ShareManager */ = {
			isa = PBXGroup;
			children = (
				48DFD2F81DF56FE3006AF778 /* ShareManager.h */,
				48DFD2F91DF56FE3006AF778 /* ShareManager.m */,
			);
			path = ShareManager;
			sourceTree = "<group>";
		};
		48E271D41DE708FC00CA3F4D /* XQActionSheet */ = {
			isa = PBXGroup;
			children = (
				48E271D51DE708FC00CA3F4D /* XQActionSheet.h */,
				48E271D61DE708FC00CA3F4D /* XQActionSheet.m */,
			);
			path = XQActionSheet;
			sourceTree = "<group>";
		};
		48E271D81DE7253200CA3F4D /* 设置 */ = {
			isa = PBXGroup;
			children = (
				48E271D91DE7253200CA3F4D /* SettingViewController.h */,
				48E271DA1DE7253200CA3F4D /* SettingViewController.m */,
				48DBCB441DE9DB3800B989D6 /* DisclaimerViewController.h */,
				48DBCB451DE9DB3800B989D6 /* DisclaimerViewController.m */,
				48DBCB3A1DE9C7C100B989D6 /* FeedBackViewController.h */,
				48DBCB3B1DE9C7C100B989D6 /* FeedBackViewController.m */,
				48DBCB411DE9D99300B989D6 /* AboutUsViewController.h */,
				48DBCB421DE9D99300B989D6 /* AboutUsViewController.m */,
			);
			path = "设置";
			sourceTree = "<group>";
		};
		6C267AB83E089C8449D82B56 /* Frameworks */ = {
			isa = PBXGroup;
			children = (
				6889F03AADAB6FAF8C717B85 /* libPods-LiuHe.a */,
			);
			name = Frameworks;
			sourceTree = "<group>";
		};
		EBC844712FE2911ED0BEBB43 /* Pods */ = {
			isa = PBXGroup;
			children = (
				E4B2EB7F459E36B4FE011C7F /* Pods-LiuHe.debug.xcconfig */,
				034C0C8F0BA74B5B525B0336 /* Pods-LiuHe.release.xcconfig */,
			);
			name = Pods;
			sourceTree = "<group>";
		};
/* End PBXGroup section */

/* Begin PBXNativeTarget section */
		483AC5851DE525AF009E0E64 /* LiuHe */ = {
			isa = PBXNativeTarget;
			buildConfigurationList = 483AC5B31DE525AF009E0E64 /* Build configuration list for PBXNativeTarget "LiuHe" */;
			buildPhases = (
				4E40178731D191F6B7F11E20 /* [CP] Check Pods Manifest.lock */,
				483AC5821DE525AF009E0E64 /* Sources */,
				483AC5831DE525AF009E0E64 /* Frameworks */,
				483AC5841DE525AF009E0E64 /* Resources */,
				E282EC5A271E8B8FB02341A3 /* [CP] Embed Pods Frameworks */,
				AF058A7CC8AF06704AACB1A8 /* [CP] Copy Pods Resources */,
			);
			buildRules = (
			);
			dependencies = (
			);
			name = LiuHe;
			productName = LiuHe;
			productReference = 483AC5861DE525AF009E0E64 /* LiuHe.app */;
			productType = "com.apple.product-type.application";
		};
		483AC59E1DE525AF009E0E64 /* LiuHeTests */ = {
			isa = PBXNativeTarget;
			buildConfigurationList = 483AC5B61DE525AF009E0E64 /* Build configuration list for PBXNativeTarget "LiuHeTests" */;
			buildPhases = (
				483AC59B1DE525AF009E0E64 /* Sources */,
				483AC59C1DE525AF009E0E64 /* Frameworks */,
				483AC59D1DE525AF009E0E64 /* Resources */,
			);
			buildRules = (
			);
			dependencies = (
				483AC5A11DE525AF009E0E64 /* PBXTargetDependency */,
			);
			name = LiuHeTests;
			productName = LiuHeTests;
			productReference = 483AC59F1DE525AF009E0E64 /* LiuHeTests.xctest */;
			productType = "com.apple.product-type.bundle.unit-test";
		};
		483AC5A91DE525AF009E0E64 /* LiuHeUITests */ = {
			isa = PBXNativeTarget;
			buildConfigurationList = 483AC5B91DE525AF009E0E64 /* Build configuration list for PBXNativeTarget "LiuHeUITests" */;
			buildPhases = (
				483AC5A61DE525AF009E0E64 /* Sources */,
				483AC5A71DE525AF009E0E64 /* Frameworks */,
				483AC5A81DE525AF009E0E64 /* Resources */,
			);
			buildRules = (
			);
			dependencies = (
				483AC5AC1DE525AF009E0E64 /* PBXTargetDependency */,
			);
			name = LiuHeUITests;
			productName = LiuHeUITests;
			productReference = 483AC5AA1DE525AF009E0E64 /* LiuHeUITests.xctest */;
			productType = "com.apple.product-type.bundle.ui-testing";
		};
/* End PBXNativeTarget section */

/* Begin PBXProject section */
		483AC57E1DE525AF009E0E64 /* Project object */ = {
			isa = PBXProject;
			attributes = {
				LastUpgradeCheck = 0810;
				ORGANIZATIONNAME = huxingqin;
				TargetAttributes = {
					483AC5851DE525AF009E0E64 = {
						CreatedOnToolsVersion = 8.1;
						ProvisioningStyle = Automatic;
					};
					483AC59E1DE525AF009E0E64 = {
						CreatedOnToolsVersion = 8.1;
						ProvisioningStyle = Automatic;
						TestTargetID = 483AC5851DE525AF009E0E64;
					};
					483AC5A91DE525AF009E0E64 = {
						CreatedOnToolsVersion = 8.1;
						ProvisioningStyle = Automatic;
						TestTargetID = 483AC5851DE525AF009E0E64;
					};
				};
			};
			buildConfigurationList = 483AC5811DE525AF009E0E64 /* Build configuration list for PBXProject "LiuHe" */;
			compatibilityVersion = "Xcode 3.2";
			developmentRegion = English;
			hasScannedForEncodings = 0;
			knownRegions = (
				en,
				Base,
			);
			mainGroup = 483AC57D1DE525AF009E0E64;
			productRefGroup = 483AC5871DE525AF009E0E64 /* Products */;
			projectDirPath = "";
			projectRoot = "";
			targets = (
				483AC5851DE525AF009E0E64 /* LiuHe */,
				483AC59E1DE525AF009E0E64 /* LiuHeTests */,
				483AC5A91DE525AF009E0E64 /* LiuHeUITests */,
			);
		};
/* End PBXProject section */

/* Begin PBXResourcesBuildPhase section */
		483AC5841DE525AF009E0E64 /* Resources */ = {
			isa = PBXResourcesBuildPhase;
			buildActionMask = 2147483647;
			files = (
				483AC5961DE525AF009E0E64 /* Assets.xcassets in Resources */,
			);
			runOnlyForDeploymentPostprocessing = 0;
		};
		483AC59D1DE525AF009E0E64 /* Resources */ = {
			isa = PBXResourcesBuildPhase;
			buildActionMask = 2147483647;
			files = (
			);
			runOnlyForDeploymentPostprocessing = 0;
		};
		483AC5A81DE525AF009E0E64 /* Resources */ = {
			isa = PBXResourcesBuildPhase;
			buildActionMask = 2147483647;
			files = (
			);
			runOnlyForDeploymentPostprocessing = 0;
		};
/* End PBXResourcesBuildPhase section */

/* Begin PBXShellScriptBuildPhase section */
		4E40178731D191F6B7F11E20 /* [CP] Check Pods Manifest.lock */ = {
			isa = PBXShellScriptBuildPhase;
			buildActionMask = 2147483647;
			files = (
			);
			inputPaths = (
			);
			name = "[CP] Check Pods Manifest.lock";
			outputPaths = (
			);
			runOnlyForDeploymentPostprocessing = 0;
			shellPath = /bin/sh;
			shellScript = "diff \"${PODS_ROOT}/../Podfile.lock\" \"${PODS_ROOT}/Manifest.lock\" > /dev/null\nif [ $? != 0 ] ; then\n    # print error to STDERR\n    echo \"error: The sandbox is not in sync with the Podfile.lock. Run 'pod install' or update your CocoaPods installation.\" >&2\n    exit 1\nfi\n";
			showEnvVarsInLog = 0;
		};
		AF058A7CC8AF06704AACB1A8 /* [CP] Copy Pods Resources */ = {
			isa = PBXShellScriptBuildPhase;
			buildActionMask = 2147483647;
			files = (
			);
			inputPaths = (
			);
			name = "[CP] Copy Pods Resources";
			outputPaths = (
			);
			runOnlyForDeploymentPostprocessing = 0;
			shellPath = /bin/sh;
			shellScript = "\"${SRCROOT}/Pods/Target Support Files/Pods-LiuHe/Pods-LiuHe-resources.sh\"\n";
			showEnvVarsInLog = 0;
		};
		E282EC5A271E8B8FB02341A3 /* [CP] Embed Pods Frameworks */ = {
			isa = PBXShellScriptBuildPhase;
			buildActionMask = 2147483647;
			files = (
			);
			inputPaths = (
			);
			name = "[CP] Embed Pods Frameworks";
			outputPaths = (
			);
			runOnlyForDeploymentPostprocessing = 0;
			shellPath = /bin/sh;
			shellScript = "\"${SRCROOT}/Pods/Target Support Files/Pods-LiuHe/Pods-LiuHe-frameworks.sh\"\n";
			showEnvVarsInLog = 0;
		};
/* End PBXShellScriptBuildPhase section */

/* Begin PBXSourcesBuildPhase section */
		483AC5821DE525AF009E0E64 /* Sources */ = {
			isa = PBXSourcesBuildPhase;
			buildActionMask = 2147483647;
			files = (
				483AC5E61DE526CB009E0E64 /* BaseTabBarController.m in Sources */,
				488FFF321DE863C50061E9EF /* LoginViewController.m in Sources */,
				489932C21DF188190041A016 /* PicLibraryModel.m in Sources */,
				4897355A1DEEABAE006ADA94 /* LotteryNumberModel.m in Sources */,
				483AC5FE1DE52749009E0E64 /* UserViewController.m in Sources */,
				489932C81DF1940A0041A016 /* PicLibraryCell.m in Sources */,
				48D83CA11DEC0D9500E62100 /* MyPostViewController.m in Sources */,
				4830104E1DED804D00B11BE9 /* AdvertModel.m in Sources */,
				483AC5E71DE526CB009E0E64 /* BaseViewController.m in Sources */,
				48BE5AA91DEFCACB004ACB90 /* DataViewController.m in Sources */,
				489932A41DF105220041A016 /* DataTableView.m in Sources */,
				482655D11DF4272B00122766 /* ForumModel.m in Sources */,
				483010541DEDA6B000B11BE9 /* LotteryView.m in Sources */,
				48BE5AC31DF050DE004ACB90 /* DataDetailViewController.m in Sources */,
				489932A71DF146DC0041A016 /* TreasureViewController.m in Sources */,
				483AC58E1DE525AF009E0E64 /* AppDelegate.m in Sources */,
				488FFF361DE8645A0061E9EF /* ModifyPswViewController.m in Sources */,
				48DFD2F61DF53E9E006AF778 /* ForumCommentViewController.m in Sources */,
				48DFD2F31DF51A6B006AF778 /* ForumCommentCell.m in Sources */,
				48BE5ABD1DF01F7E004ACB90 /* DataModel.m in Sources */,
				483AC5E81DE526CB009E0E64 /* XQBarButtonItem.m in Sources */,
				48DBCB3C1DE9C7C100B989D6 /* FeedBackViewController.m in Sources */,
				483AC5FD1DE52749009E0E64 /* ForumViewController.m in Sources */,
				4897355E1DEEEBAD006ADA94 /* HistoryViewController.m in Sources */,
				483010511DED8F2F00B11BE9 /* VideoLotteryViewController.m in Sources */,
				483AC6211DE5B1BA009E0E64 /* XQTextField.m in Sources */,
				48D83CA81DEC460300E62100 /* PostModel.m in Sources */,
				48D83C971DEBC02400E62100 /* XQToast.m in Sources */,
				489932C51DF18BA50041A016 /* PicLibraryTableView.m in Sources */,
				48BE5AA51DEFC412004ACB90 /* WebViewController.m in Sources */,
				48D83CB31DEC64A000E62100 /* CollectionModel.m in Sources */,
				48DFD2FA1DF56FE3006AF778 /* ShareManager.m in Sources */,
				48D83CB71DEC6A3800E62100 /* XQAlertView.m in Sources */,
				48E271D31DE708A200CA3F4D /* MyDataViewController.m in Sources */,
				483AC6291DE5C240009E0E64 /* UIImage+Extension.m in Sources */,
				48DBCB461DE9DB3800B989D6 /* DisclaimerViewController.m in Sources */,
				483AC5EA1DE526CB009E0E64 /* XQCycleImageView.m in Sources */,
				489735641DEF021A006ADA94 /* HistoryDetailViewController.m in Sources */,
				484258771DF254E800B1E8E0 /* PicDetailViewController.m in Sources */,
				483010441DED27DC00B11BE9 /* MyReplyViewController.m in Sources */,
				489932BF1DF157130041A016 /* ColumnView.m in Sources */,
				48DBCB401DE9C8E500B989D6 /* XQTextView.m in Sources */,
				488F1A151DE6CB4B005C6882 /* UserModel.m in Sources */,
				488FFF331DE863C50061E9EF /* RegisteViewController.m in Sources */,
				48D83CB01DEC634D00E62100 /* MyCollectionViewController.m in Sources */,
				48DBCB431DE9D99300B989D6 /* AboutUsViewController.m in Sources */,
				48BE5AB91DF01550004ACB90 /* XQSpringMenu.m in Sources */,
				483AC6051DE52830009E0E64 /* MenuItem.m in Sources */,
				489932AB1DF151500041A016 /* PicLibraryViewController.m in Sources */,
				48E271DB1DE7253200CA3F4D /* SettingViewController.m in Sources */,
				483AC58B1DE525AF009E0E64 /* main.m in Sources */,
				482655D41DF4751B00122766 /* ForumDetailViewController.m in Sources */,
				489932BC1DF156250041A016 /* HistoryCell.m in Sources */,
				483010571DEDB85600B11BE9 /* CountDowner.m in Sources */,
				48D83CA51DEC0EA200E62100 /* XQSegmentedControl.m in Sources */,
				48BE5ABA1DF01550004ACB90 /* XQSpringMenuItem.m in Sources */,
				482655CD1DF4241500122766 /* ForumCell.m in Sources */,
				48D83C9B1DEBD12000E62100 /* SystemManager.m in Sources */,
				483010401DED1B4800B11BE9 /* CollectionWebViewController.m in Sources */,
				48E271D71DE708FC00CA3F4D /* XQActionSheet.m in Sources */,
				483AC5E51DE526CB009E0E64 /* BaseNavigationController.m in Sources */,
				48DFD2EA1DF4FD64006AF778 /* ForumReplyModel.m in Sources */,
				483AC5FF1DE52749009E0E64 /* MineHeadView.m in Sources */,
				483AC5E91DE526CB009E0E64 /* XQNavigationBar.m in Sources */,
				483010471DED2C0000B11BE9 /* ReplyModel.m in Sources */,
				483AC6021DE5276A009E0E64 /* HomeViewController.m in Sources */,
				48D83C9E1DEBDB3E00E62100 /* PostReleaseViewController.m in Sources */,
				483AC6111DE54080009E0E64 /* NetworkManager.m in Sources */,
				483AC60C1DE533F8009E0E64 /* XQFasciatePageControl.m in Sources */,
				489932BB1DF156250041A016 /* DataCell.m in Sources */,
				483AC6171DE541F3009E0E64 /* NSString+Extension.m in Sources */,
				48DFD2ED1DF501FB006AF778 /* ForumDetailHeader.m in Sources */,
			);
			runOnlyForDeploymentPostprocessing = 0;
		};
		483AC59B1DE525AF009E0E64 /* Sources */ = {
			isa = PBXSourcesBuildPhase;
			buildActionMask = 2147483647;
			files = (
				483AC5A41DE525AF009E0E64 /* LiuHeTests.m in Sources */,
			);
			runOnlyForDeploymentPostprocessing = 0;
		};
		483AC5A61DE525AF009E0E64 /* Sources */ = {
			isa = PBXSourcesBuildPhase;
			buildActionMask = 2147483647;
			files = (
				483AC5AF1DE525AF009E0E64 /* LiuHeUITests.m in Sources */,
			);
			runOnlyForDeploymentPostprocessing = 0;
		};
/* End PBXSourcesBuildPhase section */

/* Begin PBXTargetDependency section */
		483AC5A11DE525AF009E0E64 /* PBXTargetDependency */ = {
			isa = PBXTargetDependency;
			target = 483AC5851DE525AF009E0E64 /* LiuHe */;
			targetProxy = 483AC5A01DE525AF009E0E64 /* PBXContainerItemProxy */;
		};
		483AC5AC1DE525AF009E0E64 /* PBXTargetDependency */ = {
			isa = PBXTargetDependency;
			target = 483AC5851DE525AF009E0E64 /* LiuHe */;
			targetProxy = 483AC5AB1DE525AF009E0E64 /* PBXContainerItemProxy */;
		};
/* End PBXTargetDependency section */

/* Begin XCBuildConfiguration section */
		483AC5B11DE525AF009E0E64 /* Debug */ = {
			isa = XCBuildConfiguration;
			buildSettings = {
				ALWAYS_SEARCH_USER_PATHS = NO;
				CLANG_ANALYZER_NONNULL = YES;
				CLANG_CXX_LANGUAGE_STANDARD = "gnu++0x";
				CLANG_CXX_LIBRARY = "libc++";
				CLANG_ENABLE_MODULES = YES;
				CLANG_ENABLE_OBJC_ARC = YES;
				CLANG_WARN_BOOL_CONVERSION = YES;
				CLANG_WARN_CONSTANT_CONVERSION = YES;
				CLANG_WARN_DIRECT_OBJC_ISA_USAGE = YES_ERROR;
				CLANG_WARN_DOCUMENTATION_COMMENTS = YES;
				CLANG_WARN_EMPTY_BODY = YES;
				CLANG_WARN_ENUM_CONVERSION = YES;
				CLANG_WARN_INFINITE_RECURSION = YES;
				CLANG_WARN_INT_CONVERSION = YES;
				CLANG_WARN_OBJC_ROOT_CLASS = YES_ERROR;
				CLANG_WARN_SUSPICIOUS_MOVES = YES;
				CLANG_WARN_UNREACHABLE_CODE = YES;
				CLANG_WARN__DUPLICATE_METHOD_MATCH = YES;
				"CODE_SIGN_IDENTITY[sdk=iphoneos*]" = "iPhone Developer";
				COPY_PHASE_STRIP = NO;
				DEBUG_INFORMATION_FORMAT = dwarf;
				ENABLE_STRICT_OBJC_MSGSEND = YES;
				ENABLE_TESTABILITY = YES;
				GCC_C_LANGUAGE_STANDARD = gnu99;
				GCC_DYNAMIC_NO_PIC = NO;
				GCC_NO_COMMON_BLOCKS = YES;
				GCC_OPTIMIZATION_LEVEL = 0;
				GCC_PREPROCESSOR_DEFINITIONS = (
					"DEBUG=1",
					"$(inherited)",
				);
				GCC_WARN_64_TO_32_BIT_CONVERSION = YES;
				GCC_WARN_ABOUT_RETURN_TYPE = YES_ERROR;
				GCC_WARN_UNDECLARED_SELECTOR = YES;
				GCC_WARN_UNINITIALIZED_AUTOS = YES_AGGRESSIVE;
				GCC_WARN_UNUSED_FUNCTION = YES;
				GCC_WARN_UNUSED_VARIABLE = YES;
				IPHONEOS_DEPLOYMENT_TARGET = 8.0;
				MTL_ENABLE_DEBUG_INFO = YES;
				ONLY_ACTIVE_ARCH = YES;
				SDKROOT = iphoneos;
				TARGETED_DEVICE_FAMILY = "1,2";
			};
			name = Debug;
		};
		483AC5B21DE525AF009E0E64 /* Release */ = {
			isa = XCBuildConfiguration;
			buildSettings = {
				ALWAYS_SEARCH_USER_PATHS = NO;
				CLANG_ANALYZER_NONNULL = YES;
				CLANG_CXX_LANGUAGE_STANDARD = "gnu++0x";
				CLANG_CXX_LIBRARY = "libc++";
				CLANG_ENABLE_MODULES = YES;
				CLANG_ENABLE_OBJC_ARC = YES;
				CLANG_WARN_BOOL_CONVERSION = YES;
				CLANG_WARN_CONSTANT_CONVERSION = YES;
				CLANG_WARN_DIRECT_OBJC_ISA_USAGE = YES_ERROR;
				CLANG_WARN_DOCUMENTATION_COMMENTS = YES;
				CLANG_WARN_EMPTY_BODY = YES;
				CLANG_WARN_ENUM_CONVERSION = YES;
				CLANG_WARN_INFINITE_RECURSION = YES;
				CLANG_WARN_INT_CONVERSION = YES;
				CLANG_WARN_OBJC_ROOT_CLASS = YES_ERROR;
				CLANG_WARN_SUSPICIOUS_MOVES = YES;
				CLANG_WARN_UNREACHABLE_CODE = YES;
				CLANG_WARN__DUPLICATE_METHOD_MATCH = YES;
				"CODE_SIGN_IDENTITY[sdk=iphoneos*]" = "iPhone Developer";
				COPY_PHASE_STRIP = NO;
				DEBUG_INFORMATION_FORMAT = "dwarf-with-dsym";
				ENABLE_NS_ASSERTIONS = NO;
				ENABLE_STRICT_OBJC_MSGSEND = YES;
				GCC_C_LANGUAGE_STANDARD = gnu99;
				GCC_NO_COMMON_BLOCKS = YES;
				GCC_WARN_64_TO_32_BIT_CONVERSION = YES;
				GCC_WARN_ABOUT_RETURN_TYPE = YES_ERROR;
				GCC_WARN_UNDECLARED_SELECTOR = YES;
				GCC_WARN_UNINITIALIZED_AUTOS = YES_AGGRESSIVE;
				GCC_WARN_UNUSED_FUNCTION = YES;
				GCC_WARN_UNUSED_VARIABLE = YES;
				IPHONEOS_DEPLOYMENT_TARGET = 8.0;
				MTL_ENABLE_DEBUG_INFO = NO;
				SDKROOT = iphoneos;
				TARGETED_DEVICE_FAMILY = "1,2";
				VALIDATE_PRODUCT = YES;
			};
			name = Release;
		};
		483AC5B41DE525AF009E0E64 /* Debug */ = {
			isa = XCBuildConfiguration;
			baseConfigurationReference = E4B2EB7F459E36B4FE011C7F /* Pods-LiuHe.debug.xcconfig */;
			buildSettings = {
				ASSETCATALOG_COMPILER_APPICON_NAME = AppIcon;
				ASSETCATALOG_COMPILER_LAUNCHIMAGE_NAME = LaunchImage;
				GCC_PRECOMPILE_PREFIX_HEADER = YES;
				GCC_PREFIX_HEADER = "$(SRCROOT)/LiuHe/LiuHe.pch";
				INFOPLIST_FILE = LiuHe/Info.plist;
				IPHONEOS_DEPLOYMENT_TARGET = 8.0;
				LD_RUNPATH_SEARCH_PATHS = "$(inherited) @executable_path/Frameworks";
				PRODUCT_BUNDLE_IDENTIFIER = com.LiuHeCBT.app;
				PRODUCT_NAME = "$(TARGET_NAME)";
			};
			name = Debug;
		};
		483AC5B51DE525AF009E0E64 /* Release */ = {
			isa = XCBuildConfiguration;
			baseConfigurationReference = 034C0C8F0BA74B5B525B0336 /* Pods-LiuHe.release.xcconfig */;
			buildSettings = {
				ASSETCATALOG_COMPILER_APPICON_NAME = AppIcon;
				ASSETCATALOG_COMPILER_LAUNCHIMAGE_NAME = LaunchImage;
				GCC_PRECOMPILE_PREFIX_HEADER = YES;
				GCC_PREFIX_HEADER = "$(SRCROOT)/LiuHe/LiuHe.pch";
				INFOPLIST_FILE = LiuHe/Info.plist;
				IPHONEOS_DEPLOYMENT_TARGET = 8.0;
				LD_RUNPATH_SEARCH_PATHS = "$(inherited) @executable_path/Frameworks";
				PRODUCT_BUNDLE_IDENTIFIER = com.LiuHeCBT.app;
				PRODUCT_NAME = "$(TARGET_NAME)";
			};
			name = Release;
		};
		483AC5B71DE525AF009E0E64 /* Debug */ = {
			isa = XCBuildConfiguration;
			buildSettings = {
				BUNDLE_LOADER = "$(TEST_HOST)";
				INFOPLIST_FILE = LiuHeTests/Info.plist;
				LD_RUNPATH_SEARCH_PATHS = "$(inherited) @executable_path/Frameworks @loader_path/Frameworks";
				PRODUCT_BUNDLE_IDENTIFIER = huxingqin.LiuHeTests;
				PRODUCT_NAME = "$(TARGET_NAME)";
				TEST_HOST = "$(BUILT_PRODUCTS_DIR)/LiuHe.app/LiuHe";
			};
			name = Debug;
		};
		483AC5B81DE525AF009E0E64 /* Release */ = {
			isa = XCBuildConfiguration;
			buildSettings = {
				BUNDLE_LOADER = "$(TEST_HOST)";
				INFOPLIST_FILE = LiuHeTests/Info.plist;
				LD_RUNPATH_SEARCH_PATHS = "$(inherited) @executable_path/Frameworks @loader_path/Frameworks";
				PRODUCT_BUNDLE_IDENTIFIER = huxingqin.LiuHeTests;
				PRODUCT_NAME = "$(TARGET_NAME)";
				TEST_HOST = "$(BUILT_PRODUCTS_DIR)/LiuHe.app/LiuHe";
			};
			name = Release;
		};
		483AC5BA1DE525AF009E0E64 /* Debug */ = {
			isa = XCBuildConfiguration;
			buildSettings = {
				INFOPLIST_FILE = LiuHeUITests/Info.plist;
				LD_RUNPATH_SEARCH_PATHS = "$(inherited) @executable_path/Frameworks @loader_path/Frameworks";
				PRODUCT_BUNDLE_IDENTIFIER = huxingqin.LiuHeUITests;
				PRODUCT_NAME = "$(TARGET_NAME)";
				TEST_TARGET_NAME = LiuHe;
			};
			name = Debug;
		};
		483AC5BB1DE525AF009E0E64 /* Release */ = {
			isa = XCBuildConfiguration;
			buildSettings = {
				INFOPLIST_FILE = LiuHeUITests/Info.plist;
				LD_RUNPATH_SEARCH_PATHS = "$(inherited) @executable_path/Frameworks @loader_path/Frameworks";
				PRODUCT_BUNDLE_IDENTIFIER = huxingqin.LiuHeUITests;
				PRODUCT_NAME = "$(TARGET_NAME)";
				TEST_TARGET_NAME = LiuHe;
			};
			name = Release;
		};
/* End XCBuildConfiguration section */

/* Begin XCConfigurationList section */
		483AC5811DE525AF009E0E64 /* Build configuration list for PBXProject "LiuHe" */ = {
			isa = XCConfigurationList;
			buildConfigurations = (
				483AC5B11DE525AF009E0E64 /* Debug */,
				483AC5B21DE525AF009E0E64 /* Release */,
			);
			defaultConfigurationIsVisible = 0;
			defaultConfigurationName = Release;
		};
		483AC5B31DE525AF009E0E64 /* Build configuration list for PBXNativeTarget "LiuHe" */ = {
			isa = XCConfigurationList;
			buildConfigurations = (
				483AC5B41DE525AF009E0E64 /* Debug */,
				483AC5B51DE525AF009E0E64 /* Release */,
			);
			defaultConfigurationIsVisible = 0;
			defaultConfigurationName = Release;
		};
		483AC5B61DE525AF009E0E64 /* Build configuration list for PBXNativeTarget "LiuHeTests" */ = {
			isa = XCConfigurationList;
			buildConfigurations = (
				483AC5B71DE525AF009E0E64 /* Debug */,
				483AC5B81DE525AF009E0E64 /* Release */,
			);
			defaultConfigurationIsVisible = 0;
			defaultConfigurationName = Release;
		};
		483AC5B91DE525AF009E0E64 /* Build configuration list for PBXNativeTarget "LiuHeUITests" */ = {
			isa = XCConfigurationList;
			buildConfigurations = (
				483AC5BA1DE525AF009E0E64 /* Debug */,
				483AC5BB1DE525AF009E0E64 /* Release */,
			);
			defaultConfigurationIsVisible = 0;
			defaultConfigurationName = Release;
		};
/* End XCConfigurationList section */
	};
	rootObject = 483AC57E1DE525AF009E0E64 /* Project object */;
}
